// !$*UTF8*$!
{
	archiveVersion = 1;
	classes = {
	};
	objectVersion = 44;
	objects = {

/* Begin PBXBuildFile section */
		006D720419952D00008149E2 /* AVFoundation.framework in Frameworks */ = {isa = PBXBuildFile; fileRef = 006D720219952D00008149E2 /* AVFoundation.framework */; };
		006D720519952D00008149E2 /* CoreMedia.framework in Frameworks */ = {isa = PBXBuildFile; fileRef = 006D720319952D00008149E2 /* CoreMedia.framework */; };
		0091D8F90E81B9330029341E /* OpenGL.framework in Frameworks */ = {isa = PBXBuildFile; fileRef = 0091D8F80E81B9330029341E /* OpenGL.framework */; };
		00B784B30FF439BC000DE1D7 /* Accelerate.framework in Frameworks */ = {isa = PBXBuildFile; fileRef = 00B784AF0FF439BC000DE1D7 /* Accelerate.framework */; };
		00B784B40FF439BC000DE1D7 /* AudioToolbox.framework in Frameworks */ = {isa = PBXBuildFile; fileRef = 00B784B00FF439BC000DE1D7 /* AudioToolbox.framework */; };
		00B784B50FF439BC000DE1D7 /* AudioUnit.framework in Frameworks */ = {isa = PBXBuildFile; fileRef = 00B784B10FF439BC000DE1D7 /* AudioUnit.framework */; };
		00B784B60FF439BC000DE1D7 /* CoreAudio.framework in Frameworks */ = {isa = PBXBuildFile; fileRef = 00B784B20FF439BC000DE1D7 /* CoreAudio.framework */; };
		5323E6B20EAFCA74003A9687 /* CoreVideo.framework in Frameworks */ = {isa = PBXBuildFile; fileRef = 5323E6B10EAFCA74003A9687 /* CoreVideo.framework */; };
		5323E6B60EAFCA7E003A9687 /* QTKit.framework in Frameworks */ = {isa = PBXBuildFile; fileRef = 5323E6B50EAFCA7E003A9687 /* QTKit.framework */; };
		8D11072F0486CEB800E47090 /* Cocoa.framework in Frameworks */ = {isa = PBXBuildFile; fileRef = 1058C7A1FEA54F0111CA2CBB /* Cocoa.framework */; };
		0982A985B5934EE2B2488906 /* UdpSocket.cpp in Sources */ = {isa = PBXBuildFile; fileRef = 7174445CB01A4ECFA56A685E /* UdpSocket.cpp */; };
		6287AB22CF6F464384F44EAB /* NetworkingUtils.cpp in Sources */ = {isa = PBXBuildFile; fileRef = D5A3D3C6057A42F2B3B4AB21 /* NetworkingUtils.cpp */; };
		91BC927B4E724F1885A673B6 /* OscTypes.h in Headers */ = {isa = PBXBuildFile; fileRef = 83867111F9B14E3C837050B8 /* OscTypes.h */; };
		AFE8FF7A93F3429888042CF5 /* OscReceivedElements.h in Headers */ = {isa = PBXBuildFile; fileRef = 6468B783053F4FBAA63994D1 /* OscReceivedElements.h */; };
		F0C02B7B9C054CCFAF47117A /* OscPrintReceivedElements.h in Headers */ = {isa = PBXBuildFile; fileRef = C00FABB32F274CB8B4F4EA20 /* OscPrintReceivedElements.h */; };
		6120F6F796014C30802E60DA /* OscPacketListener.h in Headers */ = {isa = PBXBuildFile; fileRef = 33D23D6B5B6D4EFBA8B9DA5B /* OscPacketListener.h */; };
		C42613E9580E40A294852171 /* OscOutboundPacketStream.h in Headers */ = {isa = PBXBuildFile; fileRef = 4AF4B0CB7F6F42C3809810D0 /* OscOutboundPacketStream.h */; };
		102E5E4CDB9E4E6798D98024 /* OscHostEndianness.h in Headers */ = {isa = PBXBuildFile; fileRef = EC01B63173334A6CA57AB101 /* OscHostEndianness.h */; };
		F3CEE998FB5E4F1E9DC9EBEF /* OscException.h in Headers */ = {isa = PBXBuildFile; fileRef = 2674851A4FB448FBB27A4598 /* OscException.h */; };
		BBAF486FDC7046A697CF17E7 /* MessageMappingOscPacketListener.h in Headers */ = {isa = PBXBuildFile; fileRef = F086E895715A4B83982A07B4 /* MessageMappingOscPacketListener.h */; };
		FEB75D0DB2EC4DD9BC9B8D4E /* UdpSocket.h in Headers */ = {isa = PBXBuildFile; fileRef = 16F864774180494ABE841EC2 /* UdpSocket.h */; };
		3B45D432359C44188B1B91F5 /* TimerListener.h in Headers */ = {isa = PBXBuildFile; fileRef = 9B354CE341D54968A7CD5F0A /* TimerListener.h */; };
		CB0CB575B16E4C1F952B98E1 /* PacketListener.h in Headers */ = {isa = PBXBuildFile; fileRef = 61B8D3572AD74016B8AF3BBA /* PacketListener.h */; };
		727A52B271854C34BC7E2855 /* NetworkingUtils.h in Headers */ = {isa = PBXBuildFile; fileRef = 2939F232F0004D4796E3710F /* NetworkingUtils.h */; };
		55DB197AA6654927ACA8E8AB /* IpEndpointName.h in Headers */ = {isa = PBXBuildFile; fileRef = 16C3AC0AEC2B40F5BE6DC406 /* IpEndpointName.h */; };
		67E6B39E481D4DA38D8C340B /* OscSender.h in Headers */ = {isa = PBXBuildFile; fileRef = 19189602ABD6463A8EB5DFCD /* OscSender.h */; };
		15FAE5561FB24FA0ADC043D7 /* OscMessage.h in Headers */ = {isa = PBXBuildFile; fileRef = C0026B00997542C4960CD6A3 /* OscMessage.h */; };
		2AFCD860243143F792E484BF /* OscListener.h in Headers */ = {isa = PBXBuildFile; fileRef = 62CF536E2A544760A7789543 /* OscListener.h */; };
		B1DAAB994E444AF286E6837D /* OscBundle.h in Headers */ = {isa = PBXBuildFile; fileRef = 6DB551C123504F54AFEA2C2E /* OscBundle.h */; };
		01009F792AFE4A7CAFD823F8 /* OscArg.h in Headers */ = {isa = PBXBuildFile; fileRef = EFAC9C8A792E426883628733 /* OscArg.h */; };
		82C6EACD001B49BF9F14A751 /* OscTypes.cpp in Sources */ = {isa = PBXBuildFile; fileRef = F220D0FE82554B81A3AEDA16 /* OscTypes.cpp */; };
		8B928195DA3548C5A1C80072 /* OscReceivedElements.cpp in Sources */ = {isa = PBXBuildFile; fileRef = DB6CB185AEAA411DBB2F1BE0 /* OscReceivedElements.cpp */; };
		7F237016CD1B410F9C7A728D /* OscPrintReceivedElements.cpp in Sources */ = {isa = PBXBuildFile; fileRef = 12CC3FE2C3184DE6A5B7534E /* OscPrintReceivedElements.cpp */; };
		EC4AE3CEDB0047F9958ECF3F /* OscOutboundPacketStream.cpp in Sources */ = {isa = PBXBuildFile; fileRef = 0083371AECC64BE589D3B0D3 /* OscOutboundPacketStream.cpp */; };
		08A4E7589AA94DA1876A2E6B /* IpEndpointName.cpp in Sources */ = {isa = PBXBuildFile; fileRef = 25E2C2D425774992A7A44785 /* IpEndpointName.cpp */; };
		36EE8F972D5641D1BF65D367 /* OscSender.cpp in Sources */ = {isa = PBXBuildFile; fileRef = 36A87B88F32F415AB0E270C4 /* OscSender.cpp */; };
		673F1D57EBE6430DB79090FB /* OscMessage.cpp in Sources */ = {isa = PBXBuildFile; fileRef = FC884A217F934729A2C016F8 /* OscMessage.cpp */; };
		AD175B3297574F7C8614F416 /* OscListener.cpp in Sources */ = {isa = PBXBuildFile; fileRef = 755AB9AB3ECA40D4ACFC9D9A /* OscListener.cpp */; };
		425834E28DDB44A49FD49750 /* OscBundle.cpp in Sources */ = {isa = PBXBuildFile; fileRef = F27FA6D0CCCD49C9B4D6481B /* OscBundle.cpp */; };
		69A3383A7C344DB4B8208220 /* UIElement.h in Headers */ = {isa = PBXBuildFile; fileRef = AA5E75ABCC534DE89BFF18CC /* UIElement.h */; };
		E02174D146824A3BBD3E012F /* UIElement.cpp in Sources */ = {isa = PBXBuildFile; fileRef = 0A0CFC8AB76545AB80610879 /* UIElement.cpp */; };
		4D3D627DABEF481D861DE882 /* UIController.h in Headers */ = {isa = PBXBuildFile; fileRef = A6FD25A1A33E4472BBCCDF30 /* UIController.h */; };
		0DE96AB3AC504126AF5EB3C5 /* UIController.cpp in Sources */ = {isa = PBXBuildFile; fileRef = 83021461F7F54FACBAE39231 /* UIController.cpp */; };
		EA8F1F5DBB59400E93CC29CD /* Image.h in Headers */ = {isa = PBXBuildFile; fileRef = DEF5947157B24AB09E3E133A /* Image.h */; };
		201021A53F6B4F2F94127911 /* Image.cpp in Sources */ = {isa = PBXBuildFile; fileRef = 56AB35D0FD394FA79C758F67 /* Image.cpp */; };
		7F16857F1D6A4BD584C7D88B /* Graph.h in Headers */ = {isa = PBXBuildFile; fileRef = A3B8B8514E0147A0BA329DD9 /* Graph.h */; };
		FFBBCFEB3FAB4380B1983ED0 /* Graph.cpp in Sources */ = {isa = PBXBuildFile; fileRef = 85E459289C674D1EAC21A299 /* Graph.cpp */; };
		153C5C41CEEC46F8B36ECE43 /* Slider.h in Headers */ = {isa = PBXBuildFile; fileRef = 441895F9126F493B9CCBDD79 /* Slider.h */; };
		F9CBA6180BE2484A81286322 /* Slider.cpp in Sources */ = {isa = PBXBuildFile; fileRef = B906793B514E4CF8A60D0F6E /* Slider.cpp */; };
		977678E3F2C0482F935DEF93 /* Label.h in Headers */ = {isa = PBXBuildFile; fileRef = D89E208700254F1F9C620B28 /* Label.h */; };
		B2AF35130BB4474981403947 /* Label.cpp in Sources */ = {isa = PBXBuildFile; fileRef = D5CDBFD80C774175897F173D /* Label.cpp */; };
		261DC78AB2D345E5BB46699D /* Button.h in Headers */ = {isa = PBXBuildFile; fileRef = 29F3F282CDC44DB984BB4117 /* Button.h */; };
		D506861F43E640878B811C0F /* Button.cpp in Sources */ = {isa = PBXBuildFile; fileRef = 6F9E82F95D3B4174A55AB9CC /* Button.cpp */; };
		A832996915B34EB491AE05C4 /* CoreMIDI.framework in Frameworks */ = {isa = PBXBuildFile; fileRef = 14A6540881C54683A8C27618 /* CoreMIDI.framework */; };
		8B47F434FE8147EF8A7E8534 /* RtMidi.cpp in Sources */ = {isa = PBXBuildFile; fileRef = B2485717D6744C9A8FE9836F /* RtMidi.cpp */; };
		8CC9A2D5DE6C4216A65672D9 /* MidiOut.cpp in Sources */ = {isa = PBXBuildFile; fileRef = 5F2BD6DF28BB4D2F9BCA10C7 /* MidiOut.cpp */; };
		9B41E6089A9442E08AD85913 /* MidiMessage.cpp in Sources */ = {isa = PBXBuildFile; fileRef = E4494FFD6F3A4596A0AFD25B /* MidiMessage.cpp */; };
		20B5E3E9966641FAB99E8764 /* MidiIn.cpp in Sources */ = {isa = PBXBuildFile; fileRef = 2D9556AA256B4F6996CB4A0D /* MidiIn.cpp */; };
		0B7AA0296AB14B9DA752FE9D /* MidiHub.cpp in Sources */ = {isa = PBXBuildFile; fileRef = 6346F61082B6450494BDB16C /* MidiHub.cpp */; };
		EB0FDF27AE6A4A99A2564978 /* RtMidi.h in Headers */ = {isa = PBXBuildFile; fileRef = CAC91DE239F646E49A40BA40 /* RtMidi.h */; };
		08C09D6D262B45F2ABE2C23B /* RtError.h in Headers */ = {isa = PBXBuildFile; fileRef = E08F18B4EFCF430D91F9E758 /* RtError.h */; };
		D59375159D874EE18BA380D1 /* MidiOut.h in Headers */ = {isa = PBXBuildFile; fileRef = 00549C0105C24B35AC258269 /* MidiOut.h */; };
		C43936E518DD43BC859056AB /* MidiMessage.h in Headers */ = {isa = PBXBuildFile; fileRef = 65FB8E6DC33F47639E7361B4 /* MidiMessage.h */; };
		97DB4791D60246DE8A63F664 /* MidiIn.h in Headers */ = {isa = PBXBuildFile; fileRef = CF26373521F8407F9F379F2E /* MidiIn.h */; };
		95CD02ACF6F946E6892E1646 /* MidiHub.h in Headers */ = {isa = PBXBuildFile; fileRef = 0354165D94014978B5E63254 /* MidiHub.h */; };
		89EE0E9DDE0A4FF780416CC7 /* MidiHeaders.h in Headers */ = {isa = PBXBuildFile; fileRef = 71EB3E397A1F4992A22F024F /* MidiHeaders.h */; };
		CD775CE6BE7F4DC2A4ED6CE1 /* MidiExceptions.h in Headers */ = {isa = PBXBuildFile; fileRef = 958CC6D2B16D4259A405EE81 /* MidiExceptions.h */; };
		85323B1D7AF7438C883428FA /* MidiConstants.h in Headers */ = {isa = PBXBuildFile; fileRef = 30C7108AEC7E4793AB70E149 /* MidiConstants.h */; };
		7D3C3E9FBCC744788DB1F834 /* ImGuiCinder.cpp in Sources */ = {isa = PBXBuildFile; fileRef = 6E2E1D3943CE4E03A70C5C91 /* ImGuiCinder.cpp */; };
		8AD3FF48B0444C1AB2DB9B1A /* ImGuiCinder.h in Headers */ = {isa = PBXBuildFile; fileRef = C8A9B1194E51460AAF30D2A3 /* ImGuiCinder.h */; };
		476761D93C62479BA676ED42 /* imgui.cpp in Sources */ = {isa = PBXBuildFile; fileRef = B40E661258D44C7CB5E677E0 /* imgui.cpp */; };
		D3A1911B634D448994361338 /* imgui.h in Headers */ = {isa = PBXBuildFile; fileRef = C62E10E2910F4E5A8855900D /* imgui.h */; };
		BB020B2AF27D412CA8550C1A /* QuickTime.framework in Frameworks */ = {isa = PBXBuildFile; fileRef = B35B3758FE7F40968DF7CD5C /* QuickTime.framework */; };
		FCFAADED871147E881A567EA /* ScaledCoCgYToRGBA.frag in Resources */ = {isa = PBXBuildFile; fileRef = 8C723BB5481C4CCEB845F577 /* ScaledCoCgYToRGBA.frag */; };
		101614330348496C850CF73A /* ScaledCoCgYToRGBA.vert in Resources */ = {isa = PBXBuildFile; fileRef = E60487C953994D38A943EEDF /* ScaledCoCgYToRGBA.vert */; };
		08BC410289A6409B8AD4A398 /* MovieHap.h in Headers */ = {isa = PBXBuildFile; fileRef = 18AEC6510E2C407FA20C1926 /* MovieHap.h */; };
		86EC7C4AE1874127B2FA3DE8 /* HapSupport.h in Headers */ = {isa = PBXBuildFile; fileRef = 0946097965834A99ADD31D24 /* HapSupport.h */; };
		D78D6EA664DF43289B3BC83B /* HapSupport.c in Sources */ = {isa = PBXBuildFile; fileRef = 2E345C2D8F2D490F9D077BC2 /* HapSupport.c */; };
		B9E542DDB7B7448586075937 /* MovieHap.cpp in Sources */ = {isa = PBXBuildFile; fileRef = 3273064FE801487195E1FEE2 /* MovieHap.cpp */; };
		9006626625844D248C7EDC6F /* ABPApp.cpp in Sources */ = {isa = PBXBuildFile; fileRef = 6C2C442AA3EC409987580CE4 /* ABPApp.cpp */; };
		D367D4FA268A47C1B1DEFFF9 /* ABP_Prefix.pch in Headers */ = {isa = PBXBuildFile; fileRef = 3E0AA8E254594E52A97FF1B7 /* ABP_Prefix.pch */; };
		26B86919967C498AB3197290 /* CinderApp.icns in Resources */ = {isa = PBXBuildFile; fileRef = C6DEFB4B10CA41D197397F58 /* CinderApp.icns */; };
		24C93D659FDB4C96BA11EC5C /* Resources.h in Headers */ = {isa = PBXBuildFile; fileRef = 1C7C899A8EE14F5FB5486A45 /* Resources.h */; };
/* End PBXBuildFile section */

/* Begin PBXFileReference section */
		006D720219952D00008149E2 /* AVFoundation.framework */ = {isa = PBXFileReference; lastKnownFileType = wrapper.framework; name = AVFoundation.framework; path = System/Library/Frameworks/AVFoundation.framework; sourceTree = SDKROOT; };
		006D720319952D00008149E2 /* CoreMedia.framework */ = {isa = PBXFileReference; lastKnownFileType = wrapper.framework; name = CoreMedia.framework; path = System/Library/Frameworks/CoreMedia.framework; sourceTree = SDKROOT; };
		0091D8F80E81B9330029341E /* OpenGL.framework */ = {isa = PBXFileReference; lastKnownFileType = wrapper.framework; name = OpenGL.framework; path = /System/Library/Frameworks/OpenGL.framework; sourceTree = "<absolute>"; };
		00B784AF0FF439BC000DE1D7 /* Accelerate.framework */ = {isa = PBXFileReference; lastKnownFileType = wrapper.framework; name = Accelerate.framework; path = System/Library/Frameworks/Accelerate.framework; sourceTree = SDKROOT; };
		00B784B00FF439BC000DE1D7 /* AudioToolbox.framework */ = {isa = PBXFileReference; lastKnownFileType = wrapper.framework; name = AudioToolbox.framework; path = System/Library/Frameworks/AudioToolbox.framework; sourceTree = SDKROOT; };
		00B784B10FF439BC000DE1D7 /* AudioUnit.framework */ = {isa = PBXFileReference; lastKnownFileType = wrapper.framework; name = AudioUnit.framework; path = System/Library/Frameworks/AudioUnit.framework; sourceTree = SDKROOT; };
		00B784B20FF439BC000DE1D7 /* CoreAudio.framework */ = {isa = PBXFileReference; lastKnownFileType = wrapper.framework; name = CoreAudio.framework; path = System/Library/Frameworks/CoreAudio.framework; sourceTree = SDKROOT; };
		1058C7A1FEA54F0111CA2CBB /* Cocoa.framework */ = {isa = PBXFileReference; lastKnownFileType = wrapper.framework; name = Cocoa.framework; path = /System/Library/Frameworks/Cocoa.framework; sourceTree = "<absolute>"; };
		29B97324FDCFA39411CA2CEA /* AppKit.framework */ = {isa = PBXFileReference; lastKnownFileType = wrapper.framework; name = AppKit.framework; path = /System/Library/Frameworks/AppKit.framework; sourceTree = "<absolute>"; };
		29B97325FDCFA39411CA2CEA /* Foundation.framework */ = {isa = PBXFileReference; lastKnownFileType = wrapper.framework; name = Foundation.framework; path = /System/Library/Frameworks/Foundation.framework; sourceTree = "<absolute>"; };
		5323E6B10EAFCA74003A9687 /* CoreVideo.framework */ = {isa = PBXFileReference; lastKnownFileType = wrapper.framework; name = CoreVideo.framework; path = /System/Library/Frameworks/CoreVideo.framework; sourceTree = "<absolute>"; };
		5323E6B50EAFCA7E003A9687 /* QTKit.framework */ = {isa = PBXFileReference; lastKnownFileType = wrapper.framework; name = QTKit.framework; path = /System/Library/Frameworks/QTKit.framework; sourceTree = "<absolute>"; };
		8D1107320486CEB800E47090 /* ABP.app */ = {isa = PBXFileReference; explicitFileType = wrapper.application; includeInIndex = 0; path = ABP.app; sourceTree = BUILT_PRODUCTS_DIR; };
		1C7C899A8EE14F5FB5486A45 /* Resources.h */ = {isa = PBXFileReference; lastKnownFileType = sourcecode.c.h; path = ../include/Resources.h; sourceTree = "<group>"; name = Resources.h; };
		C6DEFB4B10CA41D197397F58 /* CinderApp.icns */ = {isa = PBXFileReference; lastKnownFileType = image.icns; path = ../resources/CinderApp.icns; sourceTree = "<group>"; name = CinderApp.icns; };
		13C385E9A2C44E4C87399A2D /* Info.plist */ = {isa = PBXFileReference; lastKnownFileType = text.plist.xml; path = Info.plist; sourceTree = "<group>"; name = Info.plist; };
		3E0AA8E254594E52A97FF1B7 /* ABP_Prefix.pch */ = {isa = PBXFileReference; lastKnownFileType = "\"\""; path = ABP_Prefix.pch; sourceTree = "<group>"; name = ABP_Prefix.pch; };
		6C2C442AA3EC409987580CE4 /* ABPApp.cpp */ = {isa = PBXFileReference; lastKnownFileType = sourcecode.c.cpp; path = ../src/ABPApp.cpp; sourceTree = "<group>"; name = ABPApp.cpp; };
		3273064FE801487195E1FEE2 /* MovieHap.cpp */ = {isa = PBXFileReference; lastKnownFileType = sourcecode.c.cpp; path = "../../../blocks/Cinder-Hap2/src/MovieHap.cpp"; sourceTree = "<group>"; name = MovieHap.cpp; };
		2E345C2D8F2D490F9D077BC2 /* HapSupport.c */ = {isa = PBXFileReference; lastKnownFileType = "\"\""; path = "../../../blocks/Cinder-Hap2/src/HapSupport.c"; sourceTree = "<group>"; name = HapSupport.c; };
		0946097965834A99ADD31D24 /* HapSupport.h */ = {isa = PBXFileReference; lastKnownFileType = sourcecode.c.h; path = "../../../blocks/Cinder-Hap2/src/HapSupport.h"; sourceTree = "<group>"; name = HapSupport.h; };
		18AEC6510E2C407FA20C1926 /* MovieHap.h */ = {isa = PBXFileReference; lastKnownFileType = sourcecode.c.h; path = "../../../blocks/Cinder-Hap2/src/MovieHap.h"; sourceTree = "<group>"; name = MovieHap.h; };
		E60487C953994D38A943EEDF /* ScaledCoCgYToRGBA.vert */ = {isa = PBXFileReference; lastKnownFileType = "\"\""; path = "../../../blocks/Cinder-Hap2/resources/ScaledCoCgYToRGBA.vert"; sourceTree = "<group>"; name = ScaledCoCgYToRGBA.vert; };
		8C723BB5481C4CCEB845F577 /* ScaledCoCgYToRGBA.frag */ = {isa = PBXFileReference; lastKnownFileType = "\"\""; path = "../../../blocks/Cinder-Hap2/resources/ScaledCoCgYToRGBA.frag"; sourceTree = "<group>"; name = ScaledCoCgYToRGBA.frag; };
		B35B3758FE7F40968DF7CD5C /* QuickTime.framework */ = {isa = PBXFileReference; lastKnownFileType = wrapper.framework; path = System/Library/Frameworks/QuickTime.framework; sourceTree = SDKROOT; name = QuickTime.framework; };
		C62E10E2910F4E5A8855900D /* imgui.h */ = {isa = PBXFileReference; lastKnownFileType = sourcecode.c.h; path = "../../../blocks/Cinder-ImGui/lib/imgui/imgui.h"; sourceTree = "<group>"; name = imgui.h; };
		B40E661258D44C7CB5E677E0 /* imgui.cpp */ = {isa = PBXFileReference; lastKnownFileType = sourcecode.c.cpp; path = "../../../blocks/Cinder-ImGui/lib/imgui/imgui.cpp"; sourceTree = "<group>"; name = imgui.cpp; };
		C8A9B1194E51460AAF30D2A3 /* ImGuiCinder.h */ = {isa = PBXFileReference; lastKnownFileType = sourcecode.c.h; path = "../../../blocks/Cinder-ImGui/src/ImGuiCinder.h"; sourceTree = "<group>"; name = ImGuiCinder.h; };
		6E2E1D3943CE4E03A70C5C91 /* ImGuiCinder.cpp */ = {isa = PBXFileReference; lastKnownFileType = sourcecode.c.cpp; path = "../../../blocks/Cinder-ImGui/src/ImGuiCinder.cpp"; sourceTree = "<group>"; name = ImGuiCinder.cpp; };
		30C7108AEC7E4793AB70E149 /* MidiConstants.h */ = {isa = PBXFileReference; lastKnownFileType = sourcecode.c.h; path = "../../../blocks/Cinder-MIDI2/include/MidiConstants.h"; sourceTree = "<group>"; name = MidiConstants.h; };
		958CC6D2B16D4259A405EE81 /* MidiExceptions.h */ = {isa = PBXFileReference; lastKnownFileType = sourcecode.c.h; path = "../../../blocks/Cinder-MIDI2/include/MidiExceptions.h"; sourceTree = "<group>"; name = MidiExceptions.h; };
		71EB3E397A1F4992A22F024F /* MidiHeaders.h */ = {isa = PBXFileReference; lastKnownFileType = sourcecode.c.h; path = "../../../blocks/Cinder-MIDI2/include/MidiHeaders.h"; sourceTree = "<group>"; name = MidiHeaders.h; };
		0354165D94014978B5E63254 /* MidiHub.h */ = {isa = PBXFileReference; lastKnownFileType = sourcecode.c.h; path = "../../../blocks/Cinder-MIDI2/include/MidiHub.h"; sourceTree = "<group>"; name = MidiHub.h; };
		CF26373521F8407F9F379F2E /* MidiIn.h */ = {isa = PBXFileReference; lastKnownFileType = sourcecode.c.h; path = "../../../blocks/Cinder-MIDI2/include/MidiIn.h"; sourceTree = "<group>"; name = MidiIn.h; };
		65FB8E6DC33F47639E7361B4 /* MidiMessage.h */ = {isa = PBXFileReference; lastKnownFileType = sourcecode.c.h; path = "../../../blocks/Cinder-MIDI2/include/MidiMessage.h"; sourceTree = "<group>"; name = MidiMessage.h; };
		00549C0105C24B35AC258269 /* MidiOut.h */ = {isa = PBXFileReference; lastKnownFileType = sourcecode.c.h; path = "../../../blocks/Cinder-MIDI2/include/MidiOut.h"; sourceTree = "<group>"; name = MidiOut.h; };
		E08F18B4EFCF430D91F9E758 /* RtError.h */ = {isa = PBXFileReference; lastKnownFileType = sourcecode.c.h; path = "../../../blocks/Cinder-MIDI2/lib/RtError.h"; sourceTree = "<group>"; name = RtError.h; };
		CAC91DE239F646E49A40BA40 /* RtMidi.h */ = {isa = PBXFileReference; lastKnownFileType = sourcecode.c.h; path = "../../../blocks/Cinder-MIDI2/lib/RtMidi.h"; sourceTree = "<group>"; name = RtMidi.h; };
		6346F61082B6450494BDB16C /* MidiHub.cpp */ = {isa = PBXFileReference; lastKnownFileType = sourcecode.c.cpp; path = "../../../blocks/Cinder-MIDI2/src/MidiHub.cpp"; sourceTree = "<group>"; name = MidiHub.cpp; };
		2D9556AA256B4F6996CB4A0D /* MidiIn.cpp */ = {isa = PBXFileReference; lastKnownFileType = sourcecode.c.cpp; path = "../../../blocks/Cinder-MIDI2/src/MidiIn.cpp"; sourceTree = "<group>"; name = MidiIn.cpp; };
		E4494FFD6F3A4596A0AFD25B /* MidiMessage.cpp */ = {isa = PBXFileReference; lastKnownFileType = sourcecode.c.cpp; path = "../../../blocks/Cinder-MIDI2/src/MidiMessage.cpp"; sourceTree = "<group>"; name = MidiMessage.cpp; };
		5F2BD6DF28BB4D2F9BCA10C7 /* MidiOut.cpp */ = {isa = PBXFileReference; lastKnownFileType = sourcecode.c.cpp; path = "../../../blocks/Cinder-MIDI2/src/MidiOut.cpp"; sourceTree = "<group>"; name = MidiOut.cpp; };
		B2485717D6744C9A8FE9836F /* RtMidi.cpp */ = {isa = PBXFileReference; lastKnownFileType = sourcecode.c.cpp; path = "../../../blocks/Cinder-MIDI2/lib/RtMidi.cpp"; sourceTree = "<group>"; name = RtMidi.cpp; };
		14A6540881C54683A8C27618 /* CoreMIDI.framework */ = {isa = PBXFileReference; lastKnownFileType = wrapper.framework; path = System/Library/Frameworks/CoreMIDI.framework; sourceTree = SDKROOT; name = CoreMIDI.framework; };
		6F9E82F95D3B4174A55AB9CC /* Button.cpp */ = {isa = PBXFileReference; lastKnownFileType = sourcecode.c.cpp; path = "../../../blocks/Cinder-MinimalUI/src/Button.cpp"; sourceTree = "<group>"; name = Button.cpp; };
		29F3F282CDC44DB984BB4117 /* Button.h */ = {isa = PBXFileReference; lastKnownFileType = sourcecode.c.h; path = "../../../blocks/Cinder-MinimalUI/include/Button.h"; sourceTree = "<group>"; name = Button.h; };
		D5CDBFD80C774175897F173D /* Label.cpp */ = {isa = PBXFileReference; lastKnownFileType = sourcecode.c.cpp; path = "../../../blocks/Cinder-MinimalUI/src/Label.cpp"; sourceTree = "<group>"; name = Label.cpp; };
		D89E208700254F1F9C620B28 /* Label.h */ = {isa = PBXFileReference; lastKnownFileType = sourcecode.c.h; path = "../../../blocks/Cinder-MinimalUI/include/Label.h"; sourceTree = "<group>"; name = Label.h; };
		B906793B514E4CF8A60D0F6E /* Slider.cpp */ = {isa = PBXFileReference; lastKnownFileType = sourcecode.c.cpp; path = "../../../blocks/Cinder-MinimalUI/src/Slider.cpp"; sourceTree = "<group>"; name = Slider.cpp; };
		441895F9126F493B9CCBDD79 /* Slider.h */ = {isa = PBXFileReference; lastKnownFileType = sourcecode.c.h; path = "../../../blocks/Cinder-MinimalUI/include/Slider.h"; sourceTree = "<group>"; name = Slider.h; };
		85E459289C674D1EAC21A299 /* Graph.cpp */ = {isa = PBXFileReference; lastKnownFileType = sourcecode.c.cpp; path = "../../../blocks/Cinder-MinimalUI/src/Graph.cpp"; sourceTree = "<group>"; name = Graph.cpp; };
		A3B8B8514E0147A0BA329DD9 /* Graph.h */ = {isa = PBXFileReference; lastKnownFileType = sourcecode.c.h; path = "../../../blocks/Cinder-MinimalUI/include/Graph.h"; sourceTree = "<group>"; name = Graph.h; };
		56AB35D0FD394FA79C758F67 /* Image.cpp */ = {isa = PBXFileReference; lastKnownFileType = sourcecode.c.cpp; path = "../../../blocks/Cinder-MinimalUI/src/Image.cpp"; sourceTree = "<group>"; name = Image.cpp; };
		DEF5947157B24AB09E3E133A /* Image.h */ = {isa = PBXFileReference; lastKnownFileType = sourcecode.c.h; path = "../../../blocks/Cinder-MinimalUI/include/Image.h"; sourceTree = "<group>"; name = Image.h; };
		83021461F7F54FACBAE39231 /* UIController.cpp */ = {isa = PBXFileReference; lastKnownFileType = sourcecode.c.cpp; path = "../../../blocks/Cinder-MinimalUI/src/UIController.cpp"; sourceTree = "<group>"; name = UIController.cpp; };
		A6FD25A1A33E4472BBCCDF30 /* UIController.h */ = {isa = PBXFileReference; lastKnownFileType = sourcecode.c.h; path = "../../../blocks/Cinder-MinimalUI/include/UIController.h"; sourceTree = "<group>"; name = UIController.h; };
		0A0CFC8AB76545AB80610879 /* UIElement.cpp */ = {isa = PBXFileReference; lastKnownFileType = sourcecode.c.cpp; path = "../../../blocks/Cinder-MinimalUI/src/UIElement.cpp"; sourceTree = "<group>"; name = UIElement.cpp; };
		AA5E75ABCC534DE89BFF18CC /* UIElement.h */ = {isa = PBXFileReference; lastKnownFileType = sourcecode.c.h; path = "../../../blocks/Cinder-MinimalUI/include/UIElement.h"; sourceTree = "<group>"; name = UIElement.h; };
		F27FA6D0CCCD49C9B4D6481B /* OscBundle.cpp */ = {isa = PBXFileReference; lastKnownFileType = sourcecode.c.cpp; path = ../../../blocks/OSC/src/OscBundle.cpp; sourceTree = "<group>"; name = OscBundle.cpp; };
		755AB9AB3ECA40D4ACFC9D9A /* OscListener.cpp */ = {isa = PBXFileReference; lastKnownFileType = sourcecode.c.cpp; path = ../../../blocks/OSC/src/OscListener.cpp; sourceTree = "<group>"; name = OscListener.cpp; };
		FC884A217F934729A2C016F8 /* OscMessage.cpp */ = {isa = PBXFileReference; lastKnownFileType = sourcecode.c.cpp; path = ../../../blocks/OSC/src/OscMessage.cpp; sourceTree = "<group>"; name = OscMessage.cpp; };
		36A87B88F32F415AB0E270C4 /* OscSender.cpp */ = {isa = PBXFileReference; lastKnownFileType = sourcecode.c.cpp; path = ../../../blocks/OSC/src/OscSender.cpp; sourceTree = "<group>"; name = OscSender.cpp; };
		25E2C2D425774992A7A44785 /* IpEndpointName.cpp */ = {isa = PBXFileReference; lastKnownFileType = sourcecode.c.cpp; path = ../../../blocks/OSC/src/ip/IpEndpointName.cpp; sourceTree = "<group>"; name = IpEndpointName.cpp; };
		0083371AECC64BE589D3B0D3 /* OscOutboundPacketStream.cpp */ = {isa = PBXFileReference; lastKnownFileType = sourcecode.c.cpp; path = ../../../blocks/OSC/src/osc/OscOutboundPacketStream.cpp; sourceTree = "<group>"; name = OscOutboundPacketStream.cpp; };
		12CC3FE2C3184DE6A5B7534E /* OscPrintReceivedElements.cpp */ = {isa = PBXFileReference; lastKnownFileType = sourcecode.c.cpp; path = ../../../blocks/OSC/src/osc/OscPrintReceivedElements.cpp; sourceTree = "<group>"; name = OscPrintReceivedElements.cpp; };
		DB6CB185AEAA411DBB2F1BE0 /* OscReceivedElements.cpp */ = {isa = PBXFileReference; lastKnownFileType = sourcecode.c.cpp; path = ../../../blocks/OSC/src/osc/OscReceivedElements.cpp; sourceTree = "<group>"; name = OscReceivedElements.cpp; };
		F220D0FE82554B81A3AEDA16 /* OscTypes.cpp */ = {isa = PBXFileReference; lastKnownFileType = sourcecode.c.cpp; path = ../../../blocks/OSC/src/osc/OscTypes.cpp; sourceTree = "<group>"; name = OscTypes.cpp; };
		EFAC9C8A792E426883628733 /* OscArg.h */ = {isa = PBXFileReference; lastKnownFileType = sourcecode.c.h; path = ../../../blocks/OSC/src/OscArg.h; sourceTree = "<group>"; name = OscArg.h; };
		6DB551C123504F54AFEA2C2E /* OscBundle.h */ = {isa = PBXFileReference; lastKnownFileType = sourcecode.c.h; path = ../../../blocks/OSC/src/OscBundle.h; sourceTree = "<group>"; name = OscBundle.h; };
		62CF536E2A544760A7789543 /* OscListener.h */ = {isa = PBXFileReference; lastKnownFileType = sourcecode.c.h; path = ../../../blocks/OSC/src/OscListener.h; sourceTree = "<group>"; name = OscListener.h; };
		C0026B00997542C4960CD6A3 /* OscMessage.h */ = {isa = PBXFileReference; lastKnownFileType = sourcecode.c.h; path = ../../../blocks/OSC/src/OscMessage.h; sourceTree = "<group>"; name = OscMessage.h; };
		19189602ABD6463A8EB5DFCD /* OscSender.h */ = {isa = PBXFileReference; lastKnownFileType = sourcecode.c.h; path = ../../../blocks/OSC/src/OscSender.h; sourceTree = "<group>"; name = OscSender.h; };
		16C3AC0AEC2B40F5BE6DC406 /* IpEndpointName.h */ = {isa = PBXFileReference; lastKnownFileType = sourcecode.c.h; path = ../../../blocks/OSC/src/ip/IpEndpointName.h; sourceTree = "<group>"; name = IpEndpointName.h; };
		2939F232F0004D4796E3710F /* NetworkingUtils.h */ = {isa = PBXFileReference; lastKnownFileType = sourcecode.c.h; path = ../../../blocks/OSC/src/ip/NetworkingUtils.h; sourceTree = "<group>"; name = NetworkingUtils.h; };
		61B8D3572AD74016B8AF3BBA /* PacketListener.h */ = {isa = PBXFileReference; lastKnownFileType = sourcecode.c.h; path = ../../../blocks/OSC/src/ip/PacketListener.h; sourceTree = "<group>"; name = PacketListener.h; };
		9B354CE341D54968A7CD5F0A /* TimerListener.h */ = {isa = PBXFileReference; lastKnownFileType = sourcecode.c.h; path = ../../../blocks/OSC/src/ip/TimerListener.h; sourceTree = "<group>"; name = TimerListener.h; };
		16F864774180494ABE841EC2 /* UdpSocket.h */ = {isa = PBXFileReference; lastKnownFileType = sourcecode.c.h; path = ../../../blocks/OSC/src/ip/UdpSocket.h; sourceTree = "<group>"; name = UdpSocket.h; };
		F086E895715A4B83982A07B4 /* MessageMappingOscPacketListener.h */ = {isa = PBXFileReference; lastKnownFileType = sourcecode.c.h; path = ../../../blocks/OSC/src/osc/MessageMappingOscPacketListener.h; sourceTree = "<group>"; name = MessageMappingOscPacketListener.h; };
		2674851A4FB448FBB27A4598 /* OscException.h */ = {isa = PBXFileReference; lastKnownFileType = sourcecode.c.h; path = ../../../blocks/OSC/src/osc/OscException.h; sourceTree = "<group>"; name = OscException.h; };
		EC01B63173334A6CA57AB101 /* OscHostEndianness.h */ = {isa = PBXFileReference; lastKnownFileType = sourcecode.c.h; path = ../../../blocks/OSC/src/osc/OscHostEndianness.h; sourceTree = "<group>"; name = OscHostEndianness.h; };
		4AF4B0CB7F6F42C3809810D0 /* OscOutboundPacketStream.h */ = {isa = PBXFileReference; lastKnownFileType = sourcecode.c.h; path = ../../../blocks/OSC/src/osc/OscOutboundPacketStream.h; sourceTree = "<group>"; name = OscOutboundPacketStream.h; };
		33D23D6B5B6D4EFBA8B9DA5B /* OscPacketListener.h */ = {isa = PBXFileReference; lastKnownFileType = sourcecode.c.h; path = ../../../blocks/OSC/src/osc/OscPacketListener.h; sourceTree = "<group>"; name = OscPacketListener.h; };
		C00FABB32F274CB8B4F4EA20 /* OscPrintReceivedElements.h */ = {isa = PBXFileReference; lastKnownFileType = sourcecode.c.h; path = ../../../blocks/OSC/src/osc/OscPrintReceivedElements.h; sourceTree = "<group>"; name = OscPrintReceivedElements.h; };
		6468B783053F4FBAA63994D1 /* OscReceivedElements.h */ = {isa = PBXFileReference; lastKnownFileType = sourcecode.c.h; path = ../../../blocks/OSC/src/osc/OscReceivedElements.h; sourceTree = "<group>"; name = OscReceivedElements.h; };
		83867111F9B14E3C837050B8 /* OscTypes.h */ = {isa = PBXFileReference; lastKnownFileType = sourcecode.c.h; path = ../../../blocks/OSC/src/osc/OscTypes.h; sourceTree = "<group>"; name = OscTypes.h; };
		D5A3D3C6057A42F2B3B4AB21 /* NetworkingUtils.cpp */ = {isa = PBXFileReference; lastKnownFileType = sourcecode.c.cpp; path = ../../../blocks/OSC/src/ip/posix/NetworkingUtils.cpp; sourceTree = "<group>"; name = NetworkingUtils.cpp; };
		7174445CB01A4ECFA56A685E /* UdpSocket.cpp */ = {isa = PBXFileReference; lastKnownFileType = sourcecode.c.cpp; path = ../../../blocks/OSC/src/ip/posix/UdpSocket.cpp; sourceTree = "<group>"; name = UdpSocket.cpp; };
/* End PBXFileReference section */

/* Begin PBXFrameworksBuildPhase section */
		8D11072E0486CEB800E47090 /* Frameworks */ = {
			isa = PBXFrameworksBuildPhase;
			buildActionMask = 2147483647;
			files = (
				006D720419952D00008149E2 /* AVFoundation.framework in Frameworks */,
				006D720519952D00008149E2 /* CoreMedia.framework in Frameworks */,
				8D11072F0486CEB800E47090 /* Cocoa.framework in Frameworks */,
				0091D8F90E81B9330029341E /* OpenGL.framework in Frameworks */,
				5323E6B20EAFCA74003A9687 /* CoreVideo.framework in Frameworks */,
				5323E6B60EAFCA7E003A9687 /* QTKit.framework in Frameworks */,
				00B784B30FF439BC000DE1D7 /* Accelerate.framework in Frameworks */,
				00B784B40FF439BC000DE1D7 /* AudioToolbox.framework in Frameworks */,
				00B784B50FF439BC000DE1D7 /* AudioUnit.framework in Frameworks */,
				00B784B60FF439BC000DE1D7 /* CoreAudio.framework in Frameworks */,
				BB020B2AF27D412CA8550C1A /* QuickTime.framework in Frameworks */,
				A832996915B34EB491AE05C4 /* CoreMIDI.framework in Frameworks */,
			);
			runOnlyForDeploymentPostprocessing = 0;
		};
/* End PBXFrameworksBuildPhase section */

/* Begin PBXGroup section */
		080E96DDFE201D6D7F000001 /* Source */ = {
			isa = PBXGroup;
			children = (
				6C2C442AA3EC409987580CE4 /* ABPApp.cpp */,
			);
			name = Source;
			sourceTree = "<group>";
		};
		1058C7A0FEA54F0111CA2CBB /* Linked Frameworks */ = {
			isa = PBXGroup;
			children = (
				006D720219952D00008149E2 /* AVFoundation.framework */,
				006D720319952D00008149E2 /* CoreMedia.framework */,
				00B784AF0FF439BC000DE1D7 /* Accelerate.framework */,
				00B784B00FF439BC000DE1D7 /* AudioToolbox.framework */,
				00B784B10FF439BC000DE1D7 /* AudioUnit.framework */,
				00B784B20FF439BC000DE1D7 /* CoreAudio.framework */,
				5323E6B50EAFCA7E003A9687 /* QTKit.framework */,
				5323E6B10EAFCA74003A9687 /* CoreVideo.framework */,
				0091D8F80E81B9330029341E /* OpenGL.framework */,
				1058C7A1FEA54F0111CA2CBB /* Cocoa.framework */,
			);
			name = "Linked Frameworks";
			sourceTree = "<group>";
		};
		1058C7A2FEA54F0111CA2CBB /* Other Frameworks */ = {
			isa = PBXGroup;
			children = (
				29B97324FDCFA39411CA2CEA /* AppKit.framework */,
				29B97325FDCFA39411CA2CEA /* Foundation.framework */,
			);
			name = "Other Frameworks";
			sourceTree = "<group>";
		};
		19C28FACFE9D520D11CA2CBB /* Products */ = {
			isa = PBXGroup;
			children = (
				8D1107320486CEB800E47090 /* ABP.app */,
			);
			name = Products;
			sourceTree = "<group>";
		};
		29B97314FDCFA39411CA2CEA /* ABP */ = {
			isa = PBXGroup;
			children = (
				01B97315FEAEA392516A2CEA /* Blocks */,
				29B97315FDCFA39411CA2CEA /* Headers */,
				080E96DDFE201D6D7F000001 /* Source */,
				29B97317FDCFA39411CA2CEA /* Resources */,
				29B97323FDCFA39411CA2CEA /* Frameworks */,
				19C28FACFE9D520D11CA2CBB /* Products */,
			);
			name = ABP;
			sourceTree = "<group>";
		};
		5CD5422CB5A346649CF1EBC9 /* src */ = {
			isa = PBXGroup;
			children = (
				3273064FE801487195E1FEE2 /* MovieHap.cpp */,
				2E345C2D8F2D490F9D077BC2 /* HapSupport.c */,
				0946097965834A99ADD31D24 /* HapSupport.h */,
				18AEC6510E2C407FA20C1926 /* MovieHap.h */,
			);
			name = src;
			sourceTree = "<group>";
		};
		D40C62D9865E4DBC93A4F074 /* resources */ = {
			isa = PBXGroup;
			children = (
				E60487C953994D38A943EEDF /* ScaledCoCgYToRGBA.vert */,
				8C723BB5481C4CCEB845F577 /* ScaledCoCgYToRGBA.frag */,
			);
			name = resources;
			sourceTree = "<group>";
		};
		E2882A17370849079B90B2E7 /* Cinder-Hap2 */ = {
			isa = PBXGroup;
			children = (
				5CD5422CB5A346649CF1EBC9 /* src */,
				D40C62D9865E4DBC93A4F074 /* resources */,
			);
			name = "Cinder-Hap2";
			sourceTree = "<group>";
		};
		77107B608AD54C0F89494FFB /* imgui */ = {
			isa = PBXGroup;
			children = (
				C62E10E2910F4E5A8855900D /* imgui.h */,
				B40E661258D44C7CB5E677E0 /* imgui.cpp */,
			);
			name = imgui;
			sourceTree = "<group>";
		};
		42325B7D7227432496C2C463 /* lib */ = {
			isa = PBXGroup;
			children = (
				77107B608AD54C0F89494FFB /* imgui */,
			);
			name = lib;
			sourceTree = "<group>";
		};
		1B8E7D723B1E43659F4625D9 /* src */ = {
			isa = PBXGroup;
			children = (
				C8A9B1194E51460AAF30D2A3 /* ImGuiCinder.h */,
				6E2E1D3943CE4E03A70C5C91 /* ImGuiCinder.cpp */,
			);
			name = src;
			sourceTree = "<group>";
		};
		740264C30D1C418D8ECEEDD5 /* imGui */ = {
			isa = PBXGroup;
			children = (
				42325B7D7227432496C2C463 /* lib */,
				1B8E7D723B1E43659F4625D9 /* src */,
			);
			name = imGui;
			sourceTree = "<group>";
		};
		93B3F52448514BBCB8B16196 /* include */ = {
			isa = PBXGroup;
			children = (
				30C7108AEC7E4793AB70E149 /* MidiConstants.h */,
				958CC6D2B16D4259A405EE81 /* MidiExceptions.h */,
				71EB3E397A1F4992A22F024F /* MidiHeaders.h */,
				0354165D94014978B5E63254 /* MidiHub.h */,
				CF26373521F8407F9F379F2E /* MidiIn.h */,
				65FB8E6DC33F47639E7361B4 /* MidiMessage.h */,
				00549C0105C24B35AC258269 /* MidiOut.h */,
			);
			name = include;
			sourceTree = "<group>";
		};
		6200529424424B6E9DABDF57 /* lib */ = {
			isa = PBXGroup;
			children = (
				E08F18B4EFCF430D91F9E758 /* RtError.h */,
				CAC91DE239F646E49A40BA40 /* RtMidi.h */,
				B2485717D6744C9A8FE9836F /* RtMidi.cpp */,
			);
			name = lib;
			sourceTree = "<group>";
		};
		08BCAE7BC6AE461C9C650F4A /* src */ = {
			isa = PBXGroup;
			children = (
				6346F61082B6450494BDB16C /* MidiHub.cpp */,
				2D9556AA256B4F6996CB4A0D /* MidiIn.cpp */,
				E4494FFD6F3A4596A0AFD25B /* MidiMessage.cpp */,
				5F2BD6DF28BB4D2F9BCA10C7 /* MidiOut.cpp */,
			);
			name = src;
			sourceTree = "<group>";
		};
		CBF8187D7FFA466F871B3BE2 /* Midi2 */ = {
			isa = PBXGroup;
			children = (
				93B3F52448514BBCB8B16196 /* include */,
				6200529424424B6E9DABDF57 /* lib */,
				08BCAE7BC6AE461C9C650F4A /* src */,
			);
			name = Midi2;
			sourceTree = "<group>";
		};
		61FDC0CC0E1F468DB3424F74 /* src */ = {
			isa = PBXGroup;
			children = (
				6F9E82F95D3B4174A55AB9CC /* Button.cpp */,
				D5CDBFD80C774175897F173D /* Label.cpp */,
				B906793B514E4CF8A60D0F6E /* Slider.cpp */,
				85E459289C674D1EAC21A299 /* Graph.cpp */,
				56AB35D0FD394FA79C758F67 /* Image.cpp */,
				83021461F7F54FACBAE39231 /* UIController.cpp */,
				0A0CFC8AB76545AB80610879 /* UIElement.cpp */,
			);
			name = src;
			sourceTree = "<group>";
		};
		C7938B6D3E584421A7844B82 /* include */ = {
			isa = PBXGroup;
			children = (
				29F3F282CDC44DB984BB4117 /* Button.h */,
				D89E208700254F1F9C620B28 /* Label.h */,
				441895F9126F493B9CCBDD79 /* Slider.h */,
				A3B8B8514E0147A0BA329DD9 /* Graph.h */,
				DEF5947157B24AB09E3E133A /* Image.h */,
				A6FD25A1A33E4472BBCCDF30 /* UIController.h */,
				AA5E75ABCC534DE89BFF18CC /* UIElement.h */,
			);
			name = include;
			sourceTree = "<group>";
		};
		DDA35A5821EF4ED290B465DF /* MinimalUI */ = {
			isa = PBXGroup;
			children = (
				61FDC0CC0E1F468DB3424F74 /* src */,
				C7938B6D3E584421A7844B82 /* include */,
			);
			name = MinimalUI;
			sourceTree = "<group>";
		};
		49D511D53D1C480B981D62C8 /* posix */ = {
			isa = PBXGroup;
			children = (
				D5A3D3C6057A42F2B3B4AB21 /* NetworkingUtils.cpp */,
				7174445CB01A4ECFA56A685E /* UdpSocket.cpp */,
			);
			name = posix;
			sourceTree = "<group>";
		};
		6253A16FF3C9420188AB64D7 /* ip */ = {
			isa = PBXGroup;
			children = (
				25E2C2D425774992A7A44785 /* IpEndpointName.cpp */,
				16C3AC0AEC2B40F5BE6DC406 /* IpEndpointName.h */,
				2939F232F0004D4796E3710F /* NetworkingUtils.h */,
				61B8D3572AD74016B8AF3BBA /* PacketListener.h */,
				9B354CE341D54968A7CD5F0A /* TimerListener.h */,
				16F864774180494ABE841EC2 /* UdpSocket.h */,
				49D511D53D1C480B981D62C8 /* posix */,
			);
			name = ip;
			sourceTree = "<group>";
		};
		0BB5EA39AF3F4E06B17D2A39 /* osc */ = {
			isa = PBXGroup;
			children = (
				0083371AECC64BE589D3B0D3 /* OscOutboundPacketStream.cpp */,
				12CC3FE2C3184DE6A5B7534E /* OscPrintReceivedElements.cpp */,
				DB6CB185AEAA411DBB2F1BE0 /* OscReceivedElements.cpp */,
				F220D0FE82554B81A3AEDA16 /* OscTypes.cpp */,
				F086E895715A4B83982A07B4 /* MessageMappingOscPacketListener.h */,
				2674851A4FB448FBB27A4598 /* OscException.h */,
				EC01B63173334A6CA57AB101 /* OscHostEndianness.h */,
				4AF4B0CB7F6F42C3809810D0 /* OscOutboundPacketStream.h */,
				33D23D6B5B6D4EFBA8B9DA5B /* OscPacketListener.h */,
				C00FABB32F274CB8B4F4EA20 /* OscPrintReceivedElements.h */,
				6468B783053F4FBAA63994D1 /* OscReceivedElements.h */,
				83867111F9B14E3C837050B8 /* OscTypes.h */,
			);
			name = osc;
			sourceTree = "<group>";
		};
		C0004F738A9246A094961A16 /* src */ = {
			isa = PBXGroup;
			children = (
				F27FA6D0CCCD49C9B4D6481B /* OscBundle.cpp */,
				755AB9AB3ECA40D4ACFC9D9A /* OscListener.cpp */,
				FC884A217F934729A2C016F8 /* OscMessage.cpp */,
				36A87B88F32F415AB0E270C4 /* OscSender.cpp */,
				6253A16FF3C9420188AB64D7 /* ip */,
				0BB5EA39AF3F4E06B17D2A39 /* osc */,
				EFAC9C8A792E426883628733 /* OscArg.h */,
				6DB551C123504F54AFEA2C2E /* OscBundle.h */,
				62CF536E2A544760A7789543 /* OscListener.h */,
				C0026B00997542C4960CD6A3 /* OscMessage.h */,
				19189602ABD6463A8EB5DFCD /* OscSender.h */,
			);
			name = src;
			sourceTree = "<group>";
		};
		F4C279C8D453470FBF6AE984 /* OSC */ = {
			isa = PBXGroup;
			children = (
				C0004F738A9246A094961A16 /* src */,
			);
			name = OSC;
			sourceTree = "<group>";
		};
		01B97315FEAEA392516A2CEA /* Blocks */ = {
			isa = PBXGroup;
			children = (
				E2882A17370849079B90B2E7 /* Cinder-Hap2 */,
				740264C30D1C418D8ECEEDD5 /* imGui */,
				CBF8187D7FFA466F871B3BE2 /* Midi2 */,
				DDA35A5821EF4ED290B465DF /* MinimalUI */,
				F4C279C8D453470FBF6AE984 /* OSC */,
			);
			name = Blocks;
			sourceTree = "<group>";
		};
		29B97315FDCFA39411CA2CEA /* Headers */ = {
			isa = PBXGroup;
			children = (
				1C7C899A8EE14F5FB5486A45 /* Resources.h */,
				3E0AA8E254594E52A97FF1B7 /* ABP_Prefix.pch */,
			);
			name = Headers;
			sourceTree = "<group>";
		};
		29B97317FDCFA39411CA2CEA /* Resources */ = {
			isa = PBXGroup;
			children = (
				C6DEFB4B10CA41D197397F58 /* CinderApp.icns */,
				13C385E9A2C44E4C87399A2D /* Info.plist */,
			);
			name = Resources;
			sourceTree = "<group>";
		};
		29B97323FDCFA39411CA2CEA /* Frameworks */ = {
			isa = PBXGroup;
			children = (
				1058C7A0FEA54F0111CA2CBB /* Linked Frameworks */,
				1058C7A2FEA54F0111CA2CBB /* Other Frameworks */,
				B35B3758FE7F40968DF7CD5C /* QuickTime.framework */,
				14A6540881C54683A8C27618 /* CoreMIDI.framework */,
			);
			name = Frameworks;
			sourceTree = "<group>";
		};
/* End PBXGroup section */

/* Begin PBXNativeTarget section */
		8D1107260486CEB800E47090 /* ABP */ = {
			isa = PBXNativeTarget;
			buildConfigurationList = C01FCF4A08A954540054247B /* Build configuration list for PBXNativeTarget "ABP" */;
			buildPhases = (
				8D1107290486CEB800E47090 /* Resources */,
				8D11072C0486CEB800E47090 /* Sources */,
				8D11072E0486CEB800E47090 /* Frameworks */,
			);
			buildRules = (
			);
			dependencies = (
			);
			name = ABP;
			productInstallPath = "$(HOME)/Applications";
			productName = ABP;
			productReference = 8D1107320486CEB800E47090 /* ABP.app */;
			productType = "com.apple.product-type.application";
		};
/* End PBXNativeTarget section */

/* Begin PBXProject section */
		29B97313FDCFA39411CA2CEA /* Project object */ = {
			isa = PBXProject;
			buildConfigurationList = C01FCF4E08A954540054247B /* Build configuration list for PBXProject "ABP" */;
			compatibilityVersion = "Xcode 3.2";
			developmentRegion = English;
			hasScannedForEncodings = 1;
			knownRegions = (
				English,
				Japanese,
				French,
				German,
			);
			mainGroup = 29B97314FDCFA39411CA2CEA /* ABP */;
			projectDirPath = "";
			projectRoot = "";
			targets = (
				8D1107260486CEB800E47090 /* ABP */,
			);
		};
/* End PBXProject section */

/* Begin PBXResourcesBuildPhase section */
		8D1107290486CEB800E47090 /* Resources */ = {
			isa = PBXResourcesBuildPhase;
			buildActionMask = 2147483647;
			files = (
				26B86919967C498AB3197290 /* CinderApp.icns in Resources */,
				101614330348496C850CF73A /* ScaledCoCgYToRGBA.vert in Resources */,
				FCFAADED871147E881A567EA /* ScaledCoCgYToRGBA.frag in Resources */,
			);
			runOnlyForDeploymentPostprocessing = 0;
		};
/* End PBXResourcesBuildPhase section */

/* Begin PBXSourcesBuildPhase section */
		8D11072C0486CEB800E47090 /* Sources */ = {
			isa = PBXSourcesBuildPhase;
			buildActionMask = 2147483647;
			files = (
				9006626625844D248C7EDC6F /* ABPApp.cpp in Sources */,
				B9E542DDB7B7448586075937 /* MovieHap.cpp in Sources */,
				D78D6EA664DF43289B3BC83B /* HapSupport.c in Sources */,
				476761D93C62479BA676ED42 /* imgui.cpp in Sources */,
				7D3C3E9FBCC744788DB1F834 /* ImGuiCinder.cpp in Sources */,
				0B7AA0296AB14B9DA752FE9D /* MidiHub.cpp in Sources */,
				20B5E3E9966641FAB99E8764 /* MidiIn.cpp in Sources */,
				9B41E6089A9442E08AD85913 /* MidiMessage.cpp in Sources */,
				8CC9A2D5DE6C4216A65672D9 /* MidiOut.cpp in Sources */,
				8B47F434FE8147EF8A7E8534 /* RtMidi.cpp in Sources */,
				D506861F43E640878B811C0F /* Button.cpp in Sources */,
				B2AF35130BB4474981403947 /* Label.cpp in Sources */,
				F9CBA6180BE2484A81286322 /* Slider.cpp in Sources */,
				FFBBCFEB3FAB4380B1983ED0 /* Graph.cpp in Sources */,
				201021A53F6B4F2F94127911 /* Image.cpp in Sources */,
				0DE96AB3AC504126AF5EB3C5 /* UIController.cpp in Sources */,
				E02174D146824A3BBD3E012F /* UIElement.cpp in Sources */,
				425834E28DDB44A49FD49750 /* OscBundle.cpp in Sources */,
				AD175B3297574F7C8614F416 /* OscListener.cpp in Sources */,
				673F1D57EBE6430DB79090FB /* OscMessage.cpp in Sources */,
				36EE8F972D5641D1BF65D367 /* OscSender.cpp in Sources */,
				08A4E7589AA94DA1876A2E6B /* IpEndpointName.cpp in Sources */,
				EC4AE3CEDB0047F9958ECF3F /* OscOutboundPacketStream.cpp in Sources */,
				7F237016CD1B410F9C7A728D /* OscPrintReceivedElements.cpp in Sources */,
				8B928195DA3548C5A1C80072 /* OscReceivedElements.cpp in Sources */,
				82C6EACD001B49BF9F14A751 /* OscTypes.cpp in Sources */,
				6287AB22CF6F464384F44EAB /* NetworkingUtils.cpp in Sources */,
				0982A985B5934EE2B2488906 /* UdpSocket.cpp in Sources */,
			);
			runOnlyForDeploymentPostprocessing = 0;
		};
/* End PBXSourcesBuildPhase section */

/* Begin XCBuildConfiguration section */
		C01FCF4B08A954540054247B /* Debug */ = {
			isa = XCBuildConfiguration;
			buildSettings = {
				COMBINE_HIDPI_IMAGES = YES;
				DEAD_CODE_STRIPPING = YES;
				COPY_PHASE_STRIP = NO;
				GCC_DYNAMIC_NO_PIC = NO;
				GCC_INLINES_ARE_PRIVATE_EXTERN = YES;
				GCC_OPTIMIZATION_LEVEL = 0;
				GCC_PREPROCESSOR_DEFINITIONS = (
					"DEBUG=1",
					"$(inherited)",
				);
				GCC_PRECOMPILE_PREFIX_HEADER = YES;
				GCC_PREFIX_HEADER = ABP_Prefix.pch;
				GCC_SYMBOLS_PRIVATE_EXTERN = NO;
				INFOPLIST_FILE = Info.plist;
				INSTALL_PATH = "$(HOME)/Applications";
				OTHER_LDFLAGS = "\"$(CINDER_PATH)/lib/libcinder_d.a\"";
				PRODUCT_NAME = ABP;
				WRAPPER_EXTENSION = app;
				SYMROOT = ./build;
			};
			name = Debug;
		};
		C01FCF4C08A954540054247B /* Release */ = {
			isa = XCBuildConfiguration;
			buildSettings = {
				COMBINE_HIDPI_IMAGES = YES;
				DEAD_CODE_STRIPPING = YES;
				DEBUG_INFORMATION_FORMAT = "dwarf-with-dsym";
				GCC_FAST_MATH = YES;
				GCC_GENERATE_DEBUGGING_SYMBOLS = NO;
				GCC_INLINES_ARE_PRIVATE_EXTERN = YES;
				GCC_OPTIMIZATION_LEVEL = 3;
				GCC_PREPROCESSOR_DEFINITIONS = (
					"NDEBUG=1",
					"$(inherited)",
				);
				GCC_PRECOMPILE_PREFIX_HEADER = YES;
				GCC_PREFIX_HEADER = ABP_Prefix.pch;
				GCC_SYMBOLS_PRIVATE_EXTERN = NO;
				INFOPLIST_FILE = Info.plist;
				INSTALL_PATH = "$(HOME)/Applications";
				OTHER_LDFLAGS = "\"$(CINDER_PATH)/lib/libcinder.a\"";
				PRODUCT_NAME = ABP;
				STRIP_INSTALLED_PRODUCT = YES;
				WRAPPER_EXTENSION = app;
				SYMROOT = ./build;
			};
			name = Release;
		};
		C01FCF4F08A954540054247B /* Debug */ = {
			isa = XCBuildConfiguration;
			buildSettings = {
				CLANG_CXX_LANGUAGE_STANDARD = "c++0x";
				CLANG_CXX_LIBRARY = "libc++";
				ALWAYS_SEARCH_USER_PATHS = NO;
				ARCHS = x86_64;
				CINDER_PATH = "../../..";
				GCC_WARN_ABOUT_RETURN_TYPE = YES;
				GCC_WARN_UNUSED_VARIABLE = YES;
				HEADER_SEARCH_PATHS = "\"$(CINDER_PATH)/boost\"";
				MACOSX_DEPLOYMENT_TARGET = 10.8;
				SDKROOT = macosx;
				USER_HEADER_SEARCH_PATHS = (
					"\"$(CINDER_PATH)/include\" ../include",
					"\"../../../blocks/Cinder-Hap2/src\"",
					"\"../../../blocks/Cinder-ImGui/lib/imgui\"",
					"\"../../../blocks/Cinder-MIDI2/include\"",
					"\"../../../blocks/Cinder-MIDI2/lib\"",
					"\"../../../blocks/Cinder-MIDI2/src\"",
					"\"../../../blocks/Cinder-MinimalUI/include\"",
					../../../blocks/OSC/src,
					../../../blocks/QuickTime/include,
				);
			};
			name = Debug;
		};
		C01FCF5008A954540054247B /* Release */ = {
			isa = XCBuildConfiguration;
			buildSettings = {
				CLANG_CXX_LANGUAGE_STANDARD = "c++0x";
				CLANG_CXX_LIBRARY = "libc++";
				ALWAYS_SEARCH_USER_PATHS = NO;
				ARCHS = x86_64;
				CINDER_PATH = "../../..";
				GCC_WARN_ABOUT_RETURN_TYPE = YES;
				GCC_WARN_UNUSED_VARIABLE = YES;
				HEADER_SEARCH_PATHS = "\"$(CINDER_PATH)/boost\"";
				MACOSX_DEPLOYMENT_TARGET = 10.8;
				SDKROOT = macosx;
				USER_HEADER_SEARCH_PATHS = (
					"\"$(CINDER_PATH)/include\" ../include",
					"\"../../../blocks/Cinder-Hap2/src\"",
					"\"../../../blocks/Cinder-ImGui/lib/imgui\"",
					"\"../../../blocks/Cinder-MIDI2/include\"",
					"\"../../../blocks/Cinder-MIDI2/lib\"",
					"\"../../../blocks/Cinder-MIDI2/src\"",
					"\"../../../blocks/Cinder-MinimalUI/include\"",
					../../../blocks/OSC/src,
					../../../blocks/QuickTime/include,
				);
			};
			name = Release;
		};
/* End XCBuildConfiguration section */

/* Begin XCConfigurationList section */
		C01FCF4A08A954540054247B /* Build configuration list for PBXNativeTarget "ABP" */ = {
			isa = XCConfigurationList;
			buildConfigurations = (
				C01FCF4B08A954540054247B /* Debug */,
				C01FCF4C08A954540054247B /* Release */,
			);
			defaultConfigurationIsVisible = 0;
			defaultConfigurationName = Release;
		};
		C01FCF4E08A954540054247B /* Build configuration list for PBXProject "ABP" */ = {
			isa = XCConfigurationList;
			buildConfigurations = (
				C01FCF4F08A954540054247B /* Debug */,
				C01FCF5008A954540054247B /* Release */,
			);
			defaultConfigurationIsVisible = 0;
			defaultConfigurationName = Release;
		};
/* End XCConfigurationList section */
	};
	rootObject = 29B97313FDCFA39411CA2CEA /* Project object */;
}
