// !$*UTF8*$!
{
	archiveVersion = 1;
	classes = {
	};
	objectVersion = 44;
	objects = {

/* Begin PBXBuildFile section */
		006D720419952D00008149E2 /* AVFoundation.framework in Frameworks */ = {isa = PBXBuildFile; fileRef = 006D720219952D00008149E2 /* AVFoundation.framework */; };
		006D720519952D00008149E2 /* CoreMedia.framework in Frameworks */ = {isa = PBXBuildFile; fileRef = 006D720319952D00008149E2 /* CoreMedia.framework */; };
		0091D8F90E81B9330029341E /* OpenGL.framework in Frameworks */ = {isa = PBXBuildFile; fileRef = 0091D8F80E81B9330029341E /* OpenGL.framework */; };
		00B784B30FF439BC000DE1D7 /* Accelerate.framework in Frameworks */ = {isa = PBXBuildFile; fileRef = 00B784AF0FF439BC000DE1D7 /* Accelerate.framework */; };
		00B784B40FF439BC000DE1D7 /* AudioToolbox.framework in Frameworks */ = {isa = PBXBuildFile; fileRef = 00B784B00FF439BC000DE1D7 /* AudioToolbox.framework */; };
		00B784B50FF439BC000DE1D7 /* AudioUnit.framework in Frameworks */ = {isa = PBXBuildFile; fileRef = 00B784B10FF439BC000DE1D7 /* AudioUnit.framework */; };
		00B784B60FF439BC000DE1D7 /* CoreAudio.framework in Frameworks */ = {isa = PBXBuildFile; fileRef = 00B784B20FF439BC000DE1D7 /* CoreAudio.framework */; };
		5323E6B20EAFCA74003A9687 /* CoreVideo.framework in Frameworks */ = {isa = PBXBuildFile; fileRef = 5323E6B10EAFCA74003A9687 /* CoreVideo.framework */; };
		5323E6B60EAFCA7E003A9687 /* QTKit.framework in Frameworks */ = {isa = PBXBuildFile; fileRef = 5323E6B50EAFCA7E003A9687 /* QTKit.framework */; };
		8D11072F0486CEB800E47090 /* Cocoa.framework in Frameworks */ = {isa = PBXBuildFile; fileRef = 1058C7A1FEA54F0111CA2CBB /* Cocoa.framework */; };
		49C85CF556494F27A3D2626A /* libLeap.dylib in CopyFiles */ = {isa = PBXBuildFile; fileRef = 91D2DCC4DC2B4E05B93B37AB /* libLeap.dylib */; };
		E664BD6F61FE41B3914B3F08 /* UdpSocket.cpp in Sources */ = {isa = PBXBuildFile; fileRef = 78845C11B79D487FBE3C747A /* UdpSocket.cpp */; };
		90FBCE09A3A24F468D562A98 /* NetworkingUtils.cpp in Sources */ = {isa = PBXBuildFile; fileRef = A7F4A72CEC70454D98432D42 /* NetworkingUtils.cpp */; };
		965E7F6E9C504E428B6BB4A2 /* OscTypes.h in Headers */ = {isa = PBXBuildFile; fileRef = 3704529322DF48128DAF72FB /* OscTypes.h */; };
		0DAF00D98C834D9E8D2F879B /* OscReceivedElements.h in Headers */ = {isa = PBXBuildFile; fileRef = B29D7C3388584E798B82237E /* OscReceivedElements.h */; };
		E311E01CF078449A8B246C97 /* OscPrintReceivedElements.h in Headers */ = {isa = PBXBuildFile; fileRef = D182BBCCE3004831B58DC9FB /* OscPrintReceivedElements.h */; };
		9783C1BA9AA845118E073010 /* OscPacketListener.h in Headers */ = {isa = PBXBuildFile; fileRef = 44B936989012492AAC20A487 /* OscPacketListener.h */; };
		461F4A1270EF4A72A60595F3 /* OscOutboundPacketStream.h in Headers */ = {isa = PBXBuildFile; fileRef = 0D81D8C1E3E54999BB792E73 /* OscOutboundPacketStream.h */; };
		7598575887484A81B34890CA /* OscHostEndianness.h in Headers */ = {isa = PBXBuildFile; fileRef = 6D7068EFF1AE488284A975D6 /* OscHostEndianness.h */; };
		BC4E5C14728542D1B5E15C38 /* OscException.h in Headers */ = {isa = PBXBuildFile; fileRef = 1F65BFDA9F4B467199958F9E /* OscException.h */; };
		F1B62BC84E0E49C4AEBDF320 /* MessageMappingOscPacketListener.h in Headers */ = {isa = PBXBuildFile; fileRef = A04B290AD00F404988F8AB05 /* MessageMappingOscPacketListener.h */; };
		6D906647B4D844CCB76FD371 /* UdpSocket.h in Headers */ = {isa = PBXBuildFile; fileRef = DE6FD61D63E94577AA5199EE /* UdpSocket.h */; };
		AF279C4FA9FD4343880F82EB /* TimerListener.h in Headers */ = {isa = PBXBuildFile; fileRef = 17659D77B9B7416FAE8CD5DB /* TimerListener.h */; };
		C4976C9E2C7242048F5CFCB3 /* PacketListener.h in Headers */ = {isa = PBXBuildFile; fileRef = AB3BCA3DC3454E1087AD8C73 /* PacketListener.h */; };
		7D245D563F0343398BC375DC /* NetworkingUtils.h in Headers */ = {isa = PBXBuildFile; fileRef = 2D68A0BB7BB74E009A0CBD5D /* NetworkingUtils.h */; };
		E10A1F4DFB6646ED9851BF81 /* IpEndpointName.h in Headers */ = {isa = PBXBuildFile; fileRef = 4C0CC2CB4C624D17B9C6E955 /* IpEndpointName.h */; };
		954B6C1A03BB4234A4B96BF8 /* OscSender.h in Headers */ = {isa = PBXBuildFile; fileRef = C676E188FAB4402680EB0ECC /* OscSender.h */; };
		65BBEF3B939541548FF83A5B /* OscMessage.h in Headers */ = {isa = PBXBuildFile; fileRef = 12C8F97F0EFC43A3BA1264D3 /* OscMessage.h */; };
		C64CE8D4C81646C8AE6F4BFD /* OscListener.h in Headers */ = {isa = PBXBuildFile; fileRef = 0FED244A4C514AB5B0F5D69F /* OscListener.h */; };
		67985E5DEA4B41ADB4822C55 /* OscBundle.h in Headers */ = {isa = PBXBuildFile; fileRef = E817E7F9E8444929845DB0F7 /* OscBundle.h */; };
		72FDF65FEF964E2FA3A0B5D8 /* OscArg.h in Headers */ = {isa = PBXBuildFile; fileRef = 889E1279D0C94C1D9049898C /* OscArg.h */; };
		BA1E2A52E40041C6849FAE98 /* OscTypes.cpp in Sources */ = {isa = PBXBuildFile; fileRef = EBC0EBF935D1474691399EB5 /* OscTypes.cpp */; };
		5F8009FE5D474D11B68E72D1 /* OscReceivedElements.cpp in Sources */ = {isa = PBXBuildFile; fileRef = C89387D4F5CE4E63A1EB7892 /* OscReceivedElements.cpp */; };
		584D350AB4D840BAAB0210BE /* OscPrintReceivedElements.cpp in Sources */ = {isa = PBXBuildFile; fileRef = 0F660F8DE1AF4BE8AC441955 /* OscPrintReceivedElements.cpp */; };
		5CE016359D964CB78FD62FAE /* OscOutboundPacketStream.cpp in Sources */ = {isa = PBXBuildFile; fileRef = C0C3B64852884CA19199D76C /* OscOutboundPacketStream.cpp */; };
		FB4F45032D5342E5A2CBE24F /* IpEndpointName.cpp in Sources */ = {isa = PBXBuildFile; fileRef = 633E7937041D43EEB14E5231 /* IpEndpointName.cpp */; };
		8208A0D66B61453EAE74645A /* OscSender.cpp in Sources */ = {isa = PBXBuildFile; fileRef = 6754361060144C9EB7C96BBC /* OscSender.cpp */; };
		3C8E35A4E9F94985B3296067 /* OscMessage.cpp in Sources */ = {isa = PBXBuildFile; fileRef = EE31DA8C9C2A4C00BBE8EFC4 /* OscMessage.cpp */; };
		3FDC54F1B49348D08F48409E /* OscListener.cpp in Sources */ = {isa = PBXBuildFile; fileRef = AEFA9A9DBD4743F1A39A9828 /* OscListener.cpp */; };
		500B13DCB8EF47E4A0ADB375 /* OscBundle.cpp in Sources */ = {isa = PBXBuildFile; fileRef = BBC82EBAC68F48DFBC25B888 /* OscBundle.cpp */; };
		D85C9CD3812B4C2B8BFDABB6 /* UIElement.h in Headers */ = {isa = PBXBuildFile; fileRef = 188372A658AC4F55B9FDB244 /* UIElement.h */; };
		5FCDA4349AD84EF2938A7568 /* UIElement.cpp in Sources */ = {isa = PBXBuildFile; fileRef = A0BF94A0452A44D9BA808815 /* UIElement.cpp */; };
		92A1D8A869A64E98BE81FF28 /* UIController.h in Headers */ = {isa = PBXBuildFile; fileRef = 5D98C9004348401EAF412670 /* UIController.h */; };
		85DB790874214600B4272DB3 /* UIController.cpp in Sources */ = {isa = PBXBuildFile; fileRef = 768D1D0387AB404B9923DA63 /* UIController.cpp */; };
		F595EFC3506F4802AFE95FE4 /* Image.h in Headers */ = {isa = PBXBuildFile; fileRef = 1CBCBA0E8E9E4F63A2BAAD07 /* Image.h */; };
		8DE0730ABDCF48A59B56B18D /* Image.cpp in Sources */ = {isa = PBXBuildFile; fileRef = B1D8043E9B87430580C4E505 /* Image.cpp */; };
		2E31C3EB65064433B48E16C9 /* Graph.h in Headers */ = {isa = PBXBuildFile; fileRef = B95CC8FB58884837AAF69CA0 /* Graph.h */; };
		09E2E4A827B74FCCAADCDB43 /* Graph.cpp in Sources */ = {isa = PBXBuildFile; fileRef = B7F56BDEC40C460BBD2DC2E8 /* Graph.cpp */; };
		BE5F62B554FE466E81B67696 /* Slider.h in Headers */ = {isa = PBXBuildFile; fileRef = 76E7D2F4F9174F5FAD4B490E /* Slider.h */; };
		99223018248C4191AC3572AC /* Slider.cpp in Sources */ = {isa = PBXBuildFile; fileRef = 95D34DE8B93F462F852A39A6 /* Slider.cpp */; };
		A2D699033A1140858A17E14C /* Label.h in Headers */ = {isa = PBXBuildFile; fileRef = F8E2AFC51373488BB5ACC675 /* Label.h */; };
		750067565F81485781D78042 /* Label.cpp in Sources */ = {isa = PBXBuildFile; fileRef = FFAB0881B28C495AB31C6292 /* Label.cpp */; };
		986B557F50984066BE356E7C /* Button.h in Headers */ = {isa = PBXBuildFile; fileRef = C78D49F41EA046938C3DCEC8 /* Button.h */; };
		617CCA32BFC5415FA03F24CA /* Button.cpp in Sources */ = {isa = PBXBuildFile; fileRef = D6145967920B4E6E8E78F8A2 /* Button.cpp */; };
		30F5634E00EC4F9DB4812263 /* LeapMath.h in Headers */ = {isa = PBXBuildFile; fileRef = 64844D2BC3F2419D92C6ADDE /* LeapMath.h */; };
		B26FEFD631514BC6A5EFBE68 /* Leap.h in Headers */ = {isa = PBXBuildFile; fileRef = 0034A5AAD0454C019CDDD8AF /* Leap.h */; };
		2F73972DB67C4B87BC75DCF9 /* Cinder-LeapMotion.h in Headers */ = {isa = PBXBuildFile; fileRef = 3744595D3CBE47209323B499 /* Cinder-LeapMotion.h */; };
		FB289CA01DAF4BBA8688A62C /* Cinder-LeapMotion.cpp in Sources */ = {isa = PBXBuildFile; fileRef = 8E836BE5FE214B2E8F4B9278 /* Cinder-LeapMotion.cpp */; };
		9DFFF5991E4249208148E6F8 /* ABPApp.cpp in Sources */ = {isa = PBXBuildFile; fileRef = 02410EAF6BC7450C88447192 /* ABPApp.cpp */; };
		82E1F85C84F64E9D8B49C0EA /* ABP_Prefix.pch in Headers */ = {isa = PBXBuildFile; fileRef = 35332392A50B4CB8874702E3 /* ABP_Prefix.pch */; };
		32CDB26922E44BB3AD3536A3 /* CinderApp.icns in Resources */ = {isa = PBXBuildFile; fileRef = 0FC1F5FB23174376B04EA3C1 /* CinderApp.icns */; };
		21E503F7E02A4FA8AC866F86 /* Resources.h in Headers */ = {isa = PBXBuildFile; fileRef = FE27F451ED0A45099C3B823C /* Resources.h */; };
/* End PBXBuildFile section */

/* Begin PBXFileReference section */
		006D720219952D00008149E2 /* AVFoundation.framework */ = {isa = PBXFileReference; lastKnownFileType = wrapper.framework; name = AVFoundation.framework; path = System/Library/Frameworks/AVFoundation.framework; sourceTree = SDKROOT; };
		006D720319952D00008149E2 /* CoreMedia.framework */ = {isa = PBXFileReference; lastKnownFileType = wrapper.framework; name = CoreMedia.framework; path = System/Library/Frameworks/CoreMedia.framework; sourceTree = SDKROOT; };
		0091D8F80E81B9330029341E /* OpenGL.framework */ = {isa = PBXFileReference; lastKnownFileType = wrapper.framework; name = OpenGL.framework; path = /System/Library/Frameworks/OpenGL.framework; sourceTree = "<absolute>"; };
		00B784AF0FF439BC000DE1D7 /* Accelerate.framework */ = {isa = PBXFileReference; lastKnownFileType = wrapper.framework; name = Accelerate.framework; path = System/Library/Frameworks/Accelerate.framework; sourceTree = SDKROOT; };
		00B784B00FF439BC000DE1D7 /* AudioToolbox.framework */ = {isa = PBXFileReference; lastKnownFileType = wrapper.framework; name = AudioToolbox.framework; path = System/Library/Frameworks/AudioToolbox.framework; sourceTree = SDKROOT; };
		00B784B10FF439BC000DE1D7 /* AudioUnit.framework */ = {isa = PBXFileReference; lastKnownFileType = wrapper.framework; name = AudioUnit.framework; path = System/Library/Frameworks/AudioUnit.framework; sourceTree = SDKROOT; };
		00B784B20FF439BC000DE1D7 /* CoreAudio.framework */ = {isa = PBXFileReference; lastKnownFileType = wrapper.framework; name = CoreAudio.framework; path = System/Library/Frameworks/CoreAudio.framework; sourceTree = SDKROOT; };
		1058C7A1FEA54F0111CA2CBB /* Cocoa.framework */ = {isa = PBXFileReference; lastKnownFileType = wrapper.framework; name = Cocoa.framework; path = /System/Library/Frameworks/Cocoa.framework; sourceTree = "<absolute>"; };
		29B97324FDCFA39411CA2CEA /* AppKit.framework */ = {isa = PBXFileReference; lastKnownFileType = wrapper.framework; name = AppKit.framework; path = /System/Library/Frameworks/AppKit.framework; sourceTree = "<absolute>"; };
		29B97325FDCFA39411CA2CEA /* Foundation.framework */ = {isa = PBXFileReference; lastKnownFileType = wrapper.framework; name = Foundation.framework; path = /System/Library/Frameworks/Foundation.framework; sourceTree = "<absolute>"; };
		5323E6B10EAFCA74003A9687 /* CoreVideo.framework */ = {isa = PBXFileReference; lastKnownFileType = wrapper.framework; name = CoreVideo.framework; path = /System/Library/Frameworks/CoreVideo.framework; sourceTree = "<absolute>"; };
		5323E6B50EAFCA7E003A9687 /* QTKit.framework */ = {isa = PBXFileReference; lastKnownFileType = wrapper.framework; name = QTKit.framework; path = /System/Library/Frameworks/QTKit.framework; sourceTree = "<absolute>"; };
		8D1107320486CEB800E47090 /* ABP.app */ = {isa = PBXFileReference; explicitFileType = wrapper.application; includeInIndex = 0; path = ABP.app; sourceTree = BUILT_PRODUCTS_DIR; };
		FE27F451ED0A45099C3B823C /* Resources.h */ = {isa = PBXFileReference; lastKnownFileType = sourcecode.c.h; path = ../include/Resources.h; sourceTree = "<group>"; name = Resources.h; };
		0FC1F5FB23174376B04EA3C1 /* CinderApp.icns */ = {isa = PBXFileReference; lastKnownFileType = image.icns; path = ../resources/CinderApp.icns; sourceTree = "<group>"; name = CinderApp.icns; };
		7C6B82F146E9456FA23CF853 /* Info.plist */ = {isa = PBXFileReference; lastKnownFileType = text.plist.xml; path = Info.plist; sourceTree = "<group>"; name = Info.plist; };
		35332392A50B4CB8874702E3 /* ABP_Prefix.pch */ = {isa = PBXFileReference; lastKnownFileType = "\"\""; path = ABP_Prefix.pch; sourceTree = "<group>"; name = ABP_Prefix.pch; };
		02410EAF6BC7450C88447192 /* ABPApp.cpp */ = {isa = PBXFileReference; lastKnownFileType = sourcecode.c.cpp; path = ../src/ABPApp.cpp; sourceTree = "<group>"; name = ABPApp.cpp; };
		8E836BE5FE214B2E8F4B9278 /* Cinder-LeapMotion.cpp */ = {isa = PBXFileReference; lastKnownFileType = sourcecode.c.cpp; path = "../../../blocks/Cinder-LeapMotion/src/Cinder-LeapMotion.cpp"; sourceTree = "<group>"; name = "Cinder-LeapMotion.cpp"; };
		3744595D3CBE47209323B499 /* Cinder-LeapMotion.h */ = {isa = PBXFileReference; lastKnownFileType = sourcecode.c.h; path = "../../../blocks/Cinder-LeapMotion/src/Cinder-LeapMotion.h"; sourceTree = "<group>"; name = "Cinder-LeapMotion.h"; };
		0034A5AAD0454C019CDDD8AF /* Leap.h */ = {isa = PBXFileReference; lastKnownFileType = sourcecode.c.h; path = "../../../blocks/Cinder-LeapMotion/src/Leap.h"; sourceTree = "<group>"; name = Leap.h; };
		64844D2BC3F2419D92C6ADDE /* LeapMath.h */ = {isa = PBXFileReference; lastKnownFileType = sourcecode.c.h; path = "../../../blocks/Cinder-LeapMotion/src/LeapMath.h"; sourceTree = "<group>"; name = LeapMath.h; };
		D6145967920B4E6E8E78F8A2 /* Button.cpp */ = {isa = PBXFileReference; lastKnownFileType = sourcecode.c.cpp; path = "../../../blocks/Cinder-MinimalUI/src/Button.cpp"; sourceTree = "<group>"; name = Button.cpp; };
		C78D49F41EA046938C3DCEC8 /* Button.h */ = {isa = PBXFileReference; lastKnownFileType = sourcecode.c.h; path = "../../../blocks/Cinder-MinimalUI/include/Button.h"; sourceTree = "<group>"; name = Button.h; };
		FFAB0881B28C495AB31C6292 /* Label.cpp */ = {isa = PBXFileReference; lastKnownFileType = sourcecode.c.cpp; path = "../../../blocks/Cinder-MinimalUI/src/Label.cpp"; sourceTree = "<group>"; name = Label.cpp; };
		F8E2AFC51373488BB5ACC675 /* Label.h */ = {isa = PBXFileReference; lastKnownFileType = sourcecode.c.h; path = "../../../blocks/Cinder-MinimalUI/include/Label.h"; sourceTree = "<group>"; name = Label.h; };
		95D34DE8B93F462F852A39A6 /* Slider.cpp */ = {isa = PBXFileReference; lastKnownFileType = sourcecode.c.cpp; path = "../../../blocks/Cinder-MinimalUI/src/Slider.cpp"; sourceTree = "<group>"; name = Slider.cpp; };
		76E7D2F4F9174F5FAD4B490E /* Slider.h */ = {isa = PBXFileReference; lastKnownFileType = sourcecode.c.h; path = "../../../blocks/Cinder-MinimalUI/include/Slider.h"; sourceTree = "<group>"; name = Slider.h; };
		B7F56BDEC40C460BBD2DC2E8 /* Graph.cpp */ = {isa = PBXFileReference; lastKnownFileType = sourcecode.c.cpp; path = "../../../blocks/Cinder-MinimalUI/src/Graph.cpp"; sourceTree = "<group>"; name = Graph.cpp; };
		B95CC8FB58884837AAF69CA0 /* Graph.h */ = {isa = PBXFileReference; lastKnownFileType = sourcecode.c.h; path = "../../../blocks/Cinder-MinimalUI/include/Graph.h"; sourceTree = "<group>"; name = Graph.h; };
		B1D8043E9B87430580C4E505 /* Image.cpp */ = {isa = PBXFileReference; lastKnownFileType = sourcecode.c.cpp; path = "../../../blocks/Cinder-MinimalUI/src/Image.cpp"; sourceTree = "<group>"; name = Image.cpp; };
		1CBCBA0E8E9E4F63A2BAAD07 /* Image.h */ = {isa = PBXFileReference; lastKnownFileType = sourcecode.c.h; path = "../../../blocks/Cinder-MinimalUI/include/Image.h"; sourceTree = "<group>"; name = Image.h; };
		768D1D0387AB404B9923DA63 /* UIController.cpp */ = {isa = PBXFileReference; lastKnownFileType = sourcecode.c.cpp; path = "../../../blocks/Cinder-MinimalUI/src/UIController.cpp"; sourceTree = "<group>"; name = UIController.cpp; };
		5D98C9004348401EAF412670 /* UIController.h */ = {isa = PBXFileReference; lastKnownFileType = sourcecode.c.h; path = "../../../blocks/Cinder-MinimalUI/include/UIController.h"; sourceTree = "<group>"; name = UIController.h; };
		A0BF94A0452A44D9BA808815 /* UIElement.cpp */ = {isa = PBXFileReference; lastKnownFileType = sourcecode.c.cpp; path = "../../../blocks/Cinder-MinimalUI/src/UIElement.cpp"; sourceTree = "<group>"; name = UIElement.cpp; };
		188372A658AC4F55B9FDB244 /* UIElement.h */ = {isa = PBXFileReference; lastKnownFileType = sourcecode.c.h; path = "../../../blocks/Cinder-MinimalUI/include/UIElement.h"; sourceTree = "<group>"; name = UIElement.h; };
		BBC82EBAC68F48DFBC25B888 /* OscBundle.cpp */ = {isa = PBXFileReference; lastKnownFileType = sourcecode.c.cpp; path = ../../../blocks/OSC/src/OscBundle.cpp; sourceTree = "<group>"; name = OscBundle.cpp; };
		AEFA9A9DBD4743F1A39A9828 /* OscListener.cpp */ = {isa = PBXFileReference; lastKnownFileType = sourcecode.c.cpp; path = ../../../blocks/OSC/src/OscListener.cpp; sourceTree = "<group>"; name = OscListener.cpp; };
		EE31DA8C9C2A4C00BBE8EFC4 /* OscMessage.cpp */ = {isa = PBXFileReference; lastKnownFileType = sourcecode.c.cpp; path = ../../../blocks/OSC/src/OscMessage.cpp; sourceTree = "<group>"; name = OscMessage.cpp; };
		6754361060144C9EB7C96BBC /* OscSender.cpp */ = {isa = PBXFileReference; lastKnownFileType = sourcecode.c.cpp; path = ../../../blocks/OSC/src/OscSender.cpp; sourceTree = "<group>"; name = OscSender.cpp; };
		633E7937041D43EEB14E5231 /* IpEndpointName.cpp */ = {isa = PBXFileReference; lastKnownFileType = sourcecode.c.cpp; path = ../../../blocks/OSC/src/ip/IpEndpointName.cpp; sourceTree = "<group>"; name = IpEndpointName.cpp; };
		C0C3B64852884CA19199D76C /* OscOutboundPacketStream.cpp */ = {isa = PBXFileReference; lastKnownFileType = sourcecode.c.cpp; path = ../../../blocks/OSC/src/osc/OscOutboundPacketStream.cpp; sourceTree = "<group>"; name = OscOutboundPacketStream.cpp; };
		0F660F8DE1AF4BE8AC441955 /* OscPrintReceivedElements.cpp */ = {isa = PBXFileReference; lastKnownFileType = sourcecode.c.cpp; path = ../../../blocks/OSC/src/osc/OscPrintReceivedElements.cpp; sourceTree = "<group>"; name = OscPrintReceivedElements.cpp; };
		C89387D4F5CE4E63A1EB7892 /* OscReceivedElements.cpp */ = {isa = PBXFileReference; lastKnownFileType = sourcecode.c.cpp; path = ../../../blocks/OSC/src/osc/OscReceivedElements.cpp; sourceTree = "<group>"; name = OscReceivedElements.cpp; };
		EBC0EBF935D1474691399EB5 /* OscTypes.cpp */ = {isa = PBXFileReference; lastKnownFileType = sourcecode.c.cpp; path = ../../../blocks/OSC/src/osc/OscTypes.cpp; sourceTree = "<group>"; name = OscTypes.cpp; };
		889E1279D0C94C1D9049898C /* OscArg.h */ = {isa = PBXFileReference; lastKnownFileType = sourcecode.c.h; path = ../../../blocks/OSC/src/OscArg.h; sourceTree = "<group>"; name = OscArg.h; };
		E817E7F9E8444929845DB0F7 /* OscBundle.h */ = {isa = PBXFileReference; lastKnownFileType = sourcecode.c.h; path = ../../../blocks/OSC/src/OscBundle.h; sourceTree = "<group>"; name = OscBundle.h; };
		0FED244A4C514AB5B0F5D69F /* OscListener.h */ = {isa = PBXFileReference; lastKnownFileType = sourcecode.c.h; path = ../../../blocks/OSC/src/OscListener.h; sourceTree = "<group>"; name = OscListener.h; };
		12C8F97F0EFC43A3BA1264D3 /* OscMessage.h */ = {isa = PBXFileReference; lastKnownFileType = sourcecode.c.h; path = ../../../blocks/OSC/src/OscMessage.h; sourceTree = "<group>"; name = OscMessage.h; };
		C676E188FAB4402680EB0ECC /* OscSender.h */ = {isa = PBXFileReference; lastKnownFileType = sourcecode.c.h; path = ../../../blocks/OSC/src/OscSender.h; sourceTree = "<group>"; name = OscSender.h; };
		4C0CC2CB4C624D17B9C6E955 /* IpEndpointName.h */ = {isa = PBXFileReference; lastKnownFileType = sourcecode.c.h; path = ../../../blocks/OSC/src/ip/IpEndpointName.h; sourceTree = "<group>"; name = IpEndpointName.h; };
		2D68A0BB7BB74E009A0CBD5D /* NetworkingUtils.h */ = {isa = PBXFileReference; lastKnownFileType = sourcecode.c.h; path = ../../../blocks/OSC/src/ip/NetworkingUtils.h; sourceTree = "<group>"; name = NetworkingUtils.h; };
		AB3BCA3DC3454E1087AD8C73 /* PacketListener.h */ = {isa = PBXFileReference; lastKnownFileType = sourcecode.c.h; path = ../../../blocks/OSC/src/ip/PacketListener.h; sourceTree = "<group>"; name = PacketListener.h; };
		17659D77B9B7416FAE8CD5DB /* TimerListener.h */ = {isa = PBXFileReference; lastKnownFileType = sourcecode.c.h; path = ../../../blocks/OSC/src/ip/TimerListener.h; sourceTree = "<group>"; name = TimerListener.h; };
		DE6FD61D63E94577AA5199EE /* UdpSocket.h */ = {isa = PBXFileReference; lastKnownFileType = sourcecode.c.h; path = ../../../blocks/OSC/src/ip/UdpSocket.h; sourceTree = "<group>"; name = UdpSocket.h; };
		A04B290AD00F404988F8AB05 /* MessageMappingOscPacketListener.h */ = {isa = PBXFileReference; lastKnownFileType = sourcecode.c.h; path = ../../../blocks/OSC/src/osc/MessageMappingOscPacketListener.h; sourceTree = "<group>"; name = MessageMappingOscPacketListener.h; };
		1F65BFDA9F4B467199958F9E /* OscException.h */ = {isa = PBXFileReference; lastKnownFileType = sourcecode.c.h; path = ../../../blocks/OSC/src/osc/OscException.h; sourceTree = "<group>"; name = OscException.h; };
		6D7068EFF1AE488284A975D6 /* OscHostEndianness.h */ = {isa = PBXFileReference; lastKnownFileType = sourcecode.c.h; path = ../../../blocks/OSC/src/osc/OscHostEndianness.h; sourceTree = "<group>"; name = OscHostEndianness.h; };
		0D81D8C1E3E54999BB792E73 /* OscOutboundPacketStream.h */ = {isa = PBXFileReference; lastKnownFileType = sourcecode.c.h; path = ../../../blocks/OSC/src/osc/OscOutboundPacketStream.h; sourceTree = "<group>"; name = OscOutboundPacketStream.h; };
		44B936989012492AAC20A487 /* OscPacketListener.h */ = {isa = PBXFileReference; lastKnownFileType = sourcecode.c.h; path = ../../../blocks/OSC/src/osc/OscPacketListener.h; sourceTree = "<group>"; name = OscPacketListener.h; };
		D182BBCCE3004831B58DC9FB /* OscPrintReceivedElements.h */ = {isa = PBXFileReference; lastKnownFileType = sourcecode.c.h; path = ../../../blocks/OSC/src/osc/OscPrintReceivedElements.h; sourceTree = "<group>"; name = OscPrintReceivedElements.h; };
		B29D7C3388584E798B82237E /* OscReceivedElements.h */ = {isa = PBXFileReference; lastKnownFileType = sourcecode.c.h; path = ../../../blocks/OSC/src/osc/OscReceivedElements.h; sourceTree = "<group>"; name = OscReceivedElements.h; };
		3704529322DF48128DAF72FB /* OscTypes.h */ = {isa = PBXFileReference; lastKnownFileType = sourcecode.c.h; path = ../../../blocks/OSC/src/osc/OscTypes.h; sourceTree = "<group>"; name = OscTypes.h; };
		A7F4A72CEC70454D98432D42 /* NetworkingUtils.cpp */ = {isa = PBXFileReference; lastKnownFileType = sourcecode.c.cpp; path = ../../../blocks/OSC/src/ip/posix/NetworkingUtils.cpp; sourceTree = "<group>"; name = NetworkingUtils.cpp; };
		78845C11B79D487FBE3C747A /* UdpSocket.cpp */ = {isa = PBXFileReference; lastKnownFileType = sourcecode.c.cpp; path = ../../../blocks/OSC/src/ip/posix/UdpSocket.cpp; sourceTree = "<group>"; name = UdpSocket.cpp; };
		91D2DCC4DC2B4E05B93B37AB /* libLeap.dylib */ = {isa = PBXFileReference; lastKnownFileType = "compiled.mach-o.dylib"; path = "../../../blocks/Cinder-LeapMotion/lib/macosx/libLeap.dylib"; sourceTree = "<group>"; name = libLeap.dylib; };
/* End PBXFileReference section */

/* Begin PBXFrameworksBuildPhase section */
		8D11072E0486CEB800E47090 /* Frameworks */ = {
			isa = PBXFrameworksBuildPhase;
			buildActionMask = 2147483647;
			files = (
				006D720419952D00008149E2 /* AVFoundation.framework in Frameworks */,
				006D720519952D00008149E2 /* CoreMedia.framework in Frameworks */,
				8D11072F0486CEB800E47090 /* Cocoa.framework in Frameworks */,
				0091D8F90E81B9330029341E /* OpenGL.framework in Frameworks */,
				5323E6B20EAFCA74003A9687 /* CoreVideo.framework in Frameworks */,
				5323E6B60EAFCA7E003A9687 /* QTKit.framework in Frameworks */,
				00B784B30FF439BC000DE1D7 /* Accelerate.framework in Frameworks */,
				00B784B40FF439BC000DE1D7 /* AudioToolbox.framework in Frameworks */,
				00B784B50FF439BC000DE1D7 /* AudioUnit.framework in Frameworks */,
				00B784B60FF439BC000DE1D7 /* CoreAudio.framework in Frameworks */,
			);
			runOnlyForDeploymentPostprocessing = 0;
		};
/* End PBXFrameworksBuildPhase section */

/* Begin PBXGroup section */
		080E96DDFE201D6D7F000001 /* Source */ = {
			isa = PBXGroup;
			children = (
				02410EAF6BC7450C88447192 /* ABPApp.cpp */,
			);
			name = Source;
			sourceTree = "<group>";
		};
		1058C7A0FEA54F0111CA2CBB /* Linked Frameworks */ = {
			isa = PBXGroup;
			children = (
				006D720219952D00008149E2 /* AVFoundation.framework */,
				006D720319952D00008149E2 /* CoreMedia.framework */,
				00B784AF0FF439BC000DE1D7 /* Accelerate.framework */,
				00B784B00FF439BC000DE1D7 /* AudioToolbox.framework */,
				00B784B10FF439BC000DE1D7 /* AudioUnit.framework */,
				00B784B20FF439BC000DE1D7 /* CoreAudio.framework */,
				5323E6B50EAFCA7E003A9687 /* QTKit.framework */,
				5323E6B10EAFCA74003A9687 /* CoreVideo.framework */,
				0091D8F80E81B9330029341E /* OpenGL.framework */,
				1058C7A1FEA54F0111CA2CBB /* Cocoa.framework */,
			);
			name = "Linked Frameworks";
			sourceTree = "<group>";
		};
		1058C7A2FEA54F0111CA2CBB /* Other Frameworks */ = {
			isa = PBXGroup;
			children = (
				29B97324FDCFA39411CA2CEA /* AppKit.framework */,
				29B97325FDCFA39411CA2CEA /* Foundation.framework */,
			);
			name = "Other Frameworks";
			sourceTree = "<group>";
		};
		19C28FACFE9D520D11CA2CBB /* Products */ = {
			isa = PBXGroup;
			children = (
				8D1107320486CEB800E47090 /* ABP.app */,
			);
			name = Products;
			sourceTree = "<group>";
		};
		29B97314FDCFA39411CA2CEA /* ABP */ = {
			isa = PBXGroup;
			children = (
				01B97315FEAEA392516A2CEA /* Blocks */,
				29B97315FDCFA39411CA2CEA /* Headers */,
				080E96DDFE201D6D7F000001 /* Source */,
				29B97317FDCFA39411CA2CEA /* Resources */,
				29B97323FDCFA39411CA2CEA /* Frameworks */,
				19C28FACFE9D520D11CA2CBB /* Products */,
			);
			name = ABP;
			sourceTree = "<group>";
		};
		F5606AABCE4042CFAF176BA6 /* src */ = {
			isa = PBXGroup;
			children = (
				8E836BE5FE214B2E8F4B9278 /* Cinder-LeapMotion.cpp */,
				3744595D3CBE47209323B499 /* Cinder-LeapMotion.h */,
				0034A5AAD0454C019CDDD8AF /* Leap.h */,
				64844D2BC3F2419D92C6ADDE /* LeapMath.h */,
			);
			name = src;
			sourceTree = "<group>";
		};
		2C245D8B3B144D67BF5620F3 /* macosx */ = {
			isa = PBXGroup;
			children = (
				91D2DCC4DC2B4E05B93B37AB /* libLeap.dylib */,
			);
			name = macosx;
			sourceTree = "<group>";
		};
		4D8D0DD7C35F4BF38449102B /* lib */ = {
			isa = PBXGroup;
			children = (
				2C245D8B3B144D67BF5620F3 /* macosx */,
			);
			name = lib;
			sourceTree = "<group>";
		};
		6FB69B58E27C4D8AAE68483B /* LeapMotion */ = {
			isa = PBXGroup;
			children = (
				F5606AABCE4042CFAF176BA6 /* src */,
				4D8D0DD7C35F4BF38449102B /* lib */,
			);
			name = LeapMotion;
			sourceTree = "<group>";
		};
		B6F253D4F75343A790329B34 /* src */ = {
			isa = PBXGroup;
			children = (
				D6145967920B4E6E8E78F8A2 /* Button.cpp */,
				FFAB0881B28C495AB31C6292 /* Label.cpp */,
				95D34DE8B93F462F852A39A6 /* Slider.cpp */,
				B7F56BDEC40C460BBD2DC2E8 /* Graph.cpp */,
				B1D8043E9B87430580C4E505 /* Image.cpp */,
				768D1D0387AB404B9923DA63 /* UIController.cpp */,
				A0BF94A0452A44D9BA808815 /* UIElement.cpp */,
			);
			name = src;
			sourceTree = "<group>";
		};
		5EF344E7B3CE402F861A01B8 /* include */ = {
			isa = PBXGroup;
			children = (
				C78D49F41EA046938C3DCEC8 /* Button.h */,
				F8E2AFC51373488BB5ACC675 /* Label.h */,
				76E7D2F4F9174F5FAD4B490E /* Slider.h */,
				B95CC8FB58884837AAF69CA0 /* Graph.h */,
				1CBCBA0E8E9E4F63A2BAAD07 /* Image.h */,
				5D98C9004348401EAF412670 /* UIController.h */,
				188372A658AC4F55B9FDB244 /* UIElement.h */,
			);
			name = include;
			sourceTree = "<group>";
		};
		6900A41AC10D47F0B483961B /* MinimalUI */ = {
			isa = PBXGroup;
			children = (
				B6F253D4F75343A790329B34 /* src */,
				5EF344E7B3CE402F861A01B8 /* include */,
			);
			name = MinimalUI;
			sourceTree = "<group>";
		};
		74C57E9995CB423BBF845D34 /* posix */ = {
			isa = PBXGroup;
			children = (
				A7F4A72CEC70454D98432D42 /* NetworkingUtils.cpp */,
				78845C11B79D487FBE3C747A /* UdpSocket.cpp */,
			);
			name = posix;
			sourceTree = "<group>";
		};
		DD526E33ED7B4AC9BA37EFA5 /* ip */ = {
			isa = PBXGroup;
			children = (
				633E7937041D43EEB14E5231 /* IpEndpointName.cpp */,
				4C0CC2CB4C624D17B9C6E955 /* IpEndpointName.h */,
				2D68A0BB7BB74E009A0CBD5D /* NetworkingUtils.h */,
				AB3BCA3DC3454E1087AD8C73 /* PacketListener.h */,
				17659D77B9B7416FAE8CD5DB /* TimerListener.h */,
				DE6FD61D63E94577AA5199EE /* UdpSocket.h */,
				74C57E9995CB423BBF845D34 /* posix */,
			);
			name = ip;
			sourceTree = "<group>";
		};
		C322F2FB15B94DCB8B15D5FD /* osc */ = {
			isa = PBXGroup;
			children = (
				C0C3B64852884CA19199D76C /* OscOutboundPacketStream.cpp */,
				0F660F8DE1AF4BE8AC441955 /* OscPrintReceivedElements.cpp */,
				C89387D4F5CE4E63A1EB7892 /* OscReceivedElements.cpp */,
				EBC0EBF935D1474691399EB5 /* OscTypes.cpp */,
				A04B290AD00F404988F8AB05 /* MessageMappingOscPacketListener.h */,
				1F65BFDA9F4B467199958F9E /* OscException.h */,
				6D7068EFF1AE488284A975D6 /* OscHostEndianness.h */,
				0D81D8C1E3E54999BB792E73 /* OscOutboundPacketStream.h */,
				44B936989012492AAC20A487 /* OscPacketListener.h */,
				D182BBCCE3004831B58DC9FB /* OscPrintReceivedElements.h */,
				B29D7C3388584E798B82237E /* OscReceivedElements.h */,
				3704529322DF48128DAF72FB /* OscTypes.h */,
			);
			name = osc;
			sourceTree = "<group>";
		};
		9E7637361006438AA6744195 /* src */ = {
			isa = PBXGroup;
			children = (
				BBC82EBAC68F48DFBC25B888 /* OscBundle.cpp */,
				AEFA9A9DBD4743F1A39A9828 /* OscListener.cpp */,
				EE31DA8C9C2A4C00BBE8EFC4 /* OscMessage.cpp */,
				6754361060144C9EB7C96BBC /* OscSender.cpp */,
				DD526E33ED7B4AC9BA37EFA5 /* ip */,
				C322F2FB15B94DCB8B15D5FD /* osc */,
				889E1279D0C94C1D9049898C /* OscArg.h */,
				E817E7F9E8444929845DB0F7 /* OscBundle.h */,
				0FED244A4C514AB5B0F5D69F /* OscListener.h */,
				12C8F97F0EFC43A3BA1264D3 /* OscMessage.h */,
				C676E188FAB4402680EB0ECC /* OscSender.h */,
			);
			name = src;
			sourceTree = "<group>";
		};
		FAB3884B477246769B2754E8 /* OSC */ = {
			isa = PBXGroup;
			children = (
				9E7637361006438AA6744195 /* src */,
			);
			name = OSC;
			sourceTree = "<group>";
		};
		01B97315FEAEA392516A2CEA /* Blocks */ = {
			isa = PBXGroup;
			children = (
				6FB69B58E27C4D8AAE68483B /* LeapMotion */,
				6900A41AC10D47F0B483961B /* MinimalUI */,
				FAB3884B477246769B2754E8 /* OSC */,
			);
			name = Blocks;
			sourceTree = "<group>";
		};
		29B97315FDCFA39411CA2CEA /* Headers */ = {
			isa = PBXGroup;
			children = (
				FE27F451ED0A45099C3B823C /* Resources.h */,
				35332392A50B4CB8874702E3 /* ABP_Prefix.pch */,
			);
			name = Headers;
			sourceTree = "<group>";
		};
		29B97317FDCFA39411CA2CEA /* Resources */ = {
			isa = PBXGroup;
			children = (
				0FC1F5FB23174376B04EA3C1 /* CinderApp.icns */,
				7C6B82F146E9456FA23CF853 /* Info.plist */,
			);
			name = Resources;
			sourceTree = "<group>";
		};
		29B97323FDCFA39411CA2CEA /* Frameworks */ = {
			isa = PBXGroup;
			children = (
				1058C7A0FEA54F0111CA2CBB /* Linked Frameworks */,
				1058C7A2FEA54F0111CA2CBB /* Other Frameworks */,
			);
			name = Frameworks;
			sourceTree = "<group>";
		};
/* End PBXGroup section */

/* Begin PBXNativeTarget section */
		8D1107260486CEB800E47090 /* ABP */ = {
			isa = PBXNativeTarget;
			buildConfigurationList = C01FCF4A08A954540054247B /* Build configuration list for PBXNativeTarget "ABP" */;
			buildPhases = (
				8D1107290486CEB800E47090 /* Resources */,
				8D11072C0486CEB800E47090 /* Sources */,
				8D11072E0486CEB800E47090 /* Frameworks */,
				A82B2EE20F554BCF8342F364 /* CopyFiles */,
			);
			buildRules = (
			);
			dependencies = (
			);
			name = ABP;
			productInstallPath = "$(HOME)/Applications";
			productName = ABP;
			productReference = 8D1107320486CEB800E47090 /* ABP.app */;
			productType = "com.apple.product-type.application";
		};
/* End PBXNativeTarget section */

/* Begin PBXProject section */
		29B97313FDCFA39411CA2CEA /* Project object */ = {
			isa = PBXProject;
			buildConfigurationList = C01FCF4E08A954540054247B /* Build configuration list for PBXProject "ABP" */;
			compatibilityVersion = "Xcode 3.2";
			developmentRegion = English;
			hasScannedForEncodings = 1;
			knownRegions = (
				English,
				Japanese,
				French,
				German,
			);
			mainGroup = 29B97314FDCFA39411CA2CEA /* ABP */;
			projectDirPath = "";
			projectRoot = "";
			targets = (
				8D1107260486CEB800E47090 /* ABP */,
			);
		};
/* End PBXProject section */

/* Begin PBXResourcesBuildPhase section */
		8D1107290486CEB800E47090 /* Resources */ = {
			isa = PBXResourcesBuildPhase;
			buildActionMask = 2147483647;
			files = (
				32CDB26922E44BB3AD3536A3 /* CinderApp.icns in Resources */,
			);
			runOnlyForDeploymentPostprocessing = 0;
		};
/* End PBXResourcesBuildPhase section */

/* Begin PBXSourcesBuildPhase section */
		8D11072C0486CEB800E47090 /* Sources */ = {
			isa = PBXSourcesBuildPhase;
			buildActionMask = 2147483647;
			files = (
				9DFFF5991E4249208148E6F8 /* ABPApp.cpp in Sources */,
				FB289CA01DAF4BBA8688A62C /* Cinder-LeapMotion.cpp in Sources */,
				617CCA32BFC5415FA03F24CA /* Button.cpp in Sources */,
				750067565F81485781D78042 /* Label.cpp in Sources */,
				99223018248C4191AC3572AC /* Slider.cpp in Sources */,
				09E2E4A827B74FCCAADCDB43 /* Graph.cpp in Sources */,
				8DE0730ABDCF48A59B56B18D /* Image.cpp in Sources */,
				85DB790874214600B4272DB3 /* UIController.cpp in Sources */,
				5FCDA4349AD84EF2938A7568 /* UIElement.cpp in Sources */,
				500B13DCB8EF47E4A0ADB375 /* OscBundle.cpp in Sources */,
				3FDC54F1B49348D08F48409E /* OscListener.cpp in Sources */,
				3C8E35A4E9F94985B3296067 /* OscMessage.cpp in Sources */,
				8208A0D66B61453EAE74645A /* OscSender.cpp in Sources */,
				FB4F45032D5342E5A2CBE24F /* IpEndpointName.cpp in Sources */,
				5CE016359D964CB78FD62FAE /* OscOutboundPacketStream.cpp in Sources */,
				584D350AB4D840BAAB0210BE /* OscPrintReceivedElements.cpp in Sources */,
				5F8009FE5D474D11B68E72D1 /* OscReceivedElements.cpp in Sources */,
				BA1E2A52E40041C6849FAE98 /* OscTypes.cpp in Sources */,
				90FBCE09A3A24F468D562A98 /* NetworkingUtils.cpp in Sources */,
				E664BD6F61FE41B3914B3F08 /* UdpSocket.cpp in Sources */,
			);
			runOnlyForDeploymentPostprocessing = 0;
		};
/* End PBXSourcesBuildPhase section */

/* Begin XCBuildConfiguration section */
		C01FCF4B08A954540054247B /* Debug */ = {
			isa = XCBuildConfiguration;
			buildSettings = {
				COMBINE_HIDPI_IMAGES = YES;
				DEAD_CODE_STRIPPING = YES;
				COPY_PHASE_STRIP = NO;
				GCC_DYNAMIC_NO_PIC = NO;
				GCC_INLINES_ARE_PRIVATE_EXTERN = YES;
				GCC_OPTIMIZATION_LEVEL = 0;
				GCC_PREPROCESSOR_DEFINITIONS = (
					"DEBUG=1",
					"$(inherited)",
				);
				GCC_PRECOMPILE_PREFIX_HEADER = YES;
				GCC_PREFIX_HEADER = ABP_Prefix.pch;
				GCC_SYMBOLS_PRIVATE_EXTERN = NO;
				INFOPLIST_FILE = Info.plist;
				INSTALL_PATH = "$(HOME)/Applications";
				OTHER_LDFLAGS = (
					"\"$(CINDER_PATH)/lib/libcinder_d.a\"",
					"\"../../../blocks/Cinder-LeapMotion/lib/macosx/libLeap.dylib\"",
				);
				PRODUCT_NAME = ABP;
				WRAPPER_EXTENSION = app;
				SYMROOT = ./build;
			};
			name = Debug;
		};
		C01FCF4C08A954540054247B /* Release */ = {
			isa = XCBuildConfiguration;
			buildSettings = {
				COMBINE_HIDPI_IMAGES = YES;
				DEAD_CODE_STRIPPING = YES;
				DEBUG_INFORMATION_FORMAT = "dwarf-with-dsym";
				GCC_FAST_MATH = YES;
				GCC_GENERATE_DEBUGGING_SYMBOLS = NO;
				GCC_INLINES_ARE_PRIVATE_EXTERN = YES;
				GCC_OPTIMIZATION_LEVEL = 3;
				GCC_PREPROCESSOR_DEFINITIONS = (
					"NDEBUG=1",
					"$(inherited)",
				);
				GCC_PRECOMPILE_PREFIX_HEADER = YES;
				GCC_PREFIX_HEADER = ABP_Prefix.pch;
				GCC_SYMBOLS_PRIVATE_EXTERN = NO;
				INFOPLIST_FILE = Info.plist;
				INSTALL_PATH = "$(HOME)/Applications";
				OTHER_LDFLAGS = (
					"\"$(CINDER_PATH)/lib/libcinder.a\"",
					"\"../../../blocks/Cinder-LeapMotion/lib/macosx/libLeap.dylib\"",
				);
				PRODUCT_NAME = ABP;
				STRIP_INSTALLED_PRODUCT = YES;
				WRAPPER_EXTENSION = app;
				SYMROOT = ./build;
			};
			name = Release;
		};
		C01FCF4F08A954540054247B /* Debug */ = {
			isa = XCBuildConfiguration;
			buildSettings = {
				CLANG_CXX_LANGUAGE_STANDARD = "c++0x";
				CLANG_CXX_LIBRARY = "libc++";
				ALWAYS_SEARCH_USER_PATHS = NO;
				ARCHS = x86_64;
				CINDER_PATH = "../../..";
				GCC_WARN_ABOUT_RETURN_TYPE = YES;
				GCC_WARN_UNUSED_VARIABLE = YES;
				HEADER_SEARCH_PATHS = "\"$(CINDER_PATH)/boost\"";
				MACOSX_DEPLOYMENT_TARGET = 10.8;
				SDKROOT = macosx;
				USER_HEADER_SEARCH_PATHS = (
					"\"$(CINDER_PATH)/include\" ../include",
					"\"../../../blocks/Cinder-LeapMotion/src\"",
					"\"../../../blocks/Cinder-MinimalUI/include\"",
					../../../blocks/OSC/src,
				);
			};
			name = Debug;
		};
		C01FCF5008A954540054247B /* Release */ = {
			isa = XCBuildConfiguration;
			buildSettings = {
				CLANG_CXX_LANGUAGE_STANDARD = "c++0x";
				CLANG_CXX_LIBRARY = "libc++";
				ALWAYS_SEARCH_USER_PATHS = NO;
				ARCHS = x86_64;
				CINDER_PATH = "../../..";
				GCC_WARN_ABOUT_RETURN_TYPE = YES;
				GCC_WARN_UNUSED_VARIABLE = YES;
				HEADER_SEARCH_PATHS = "\"$(CINDER_PATH)/boost\"";
				MACOSX_DEPLOYMENT_TARGET = 10.8;
				SDKROOT = macosx;
				USER_HEADER_SEARCH_PATHS = (
					"\"$(CINDER_PATH)/include\" ../include",
					"\"../../../blocks/Cinder-LeapMotion/src\"",
					"\"../../../blocks/Cinder-MinimalUI/include\"",
					../../../blocks/OSC/src,
				);
			};
			name = Release;
		};
/* End XCBuildConfiguration section */

/* Begin XCConfigurationList section */
		C01FCF4A08A954540054247B /* Build configuration list for PBXNativeTarget "ABP" */ = {
			isa = XCConfigurationList;
			buildConfigurations = (
				C01FCF4B08A954540054247B /* Debug */,
				C01FCF4C08A954540054247B /* Release */,
			);
			defaultConfigurationIsVisible = 0;
			defaultConfigurationName = Release;
		};
		C01FCF4E08A954540054247B /* Build configuration list for PBXProject "ABP" */ = {
			isa = XCConfigurationList;
			buildConfigurations = (
				C01FCF4F08A954540054247B /* Debug */,
				C01FCF5008A954540054247B /* Release */,
			);
			defaultConfigurationIsVisible = 0;
			defaultConfigurationName = Release;
		};
/* End XCConfigurationList section */
		A82B2EE20F554BCF8342F364 /* Copy Files */ = {
			isa = PBXCopyFilesBuildPhase;
			buildActionMask = 2147483647;
			dstPath = "";
			dstSubfolderSpec = 6;
			files = (
				49C85CF556494F27A3D2626A /* libLeap.dylib in CopyFiles */,
			);
			runOnlyForDeploymentPostprocessing = 0;
		};
	};
	rootObject = 29B97313FDCFA39411CA2CEA /* Project object */;
}
