<Project ToolsVersion="4.0" xmlns="http://schemas.microsoft.com/developer/msbuild/2003">
  <ItemGroup>
    <Filter Include="Source Files">
      <UniqueIdentifier>{4FC737F1-C7A5-4376-A066-2A32D752A2FF}</UniqueIdentifier>
      <Extensions>cpp;c;cc;cxx;def;odl;idl;hpj;bat;asm;asmx</Extensions>
    </Filter>
    <Filter Include="Header Files">
      <UniqueIdentifier>{93995380-89BD-4b04-88EB-625FBE52EBFB}</UniqueIdentifier>
      <Extensions>h;hpp;hxx;hm;inl;inc;xsd</Extensions>
    </Filter>
    <Filter Include="Resource Files">
      <UniqueIdentifier>{67DA6AB6-F800-4c08-8B7A-83BB121AAD01}</UniqueIdentifier>
      <Extensions>rc;ico;cur;bmp;dlg;rc2;rct;bin;rgs;gif;jpg;jpeg;jpe;resx;tiff;tif;png;wav</Extensions>
    </Filter>
    <Filter Include="Blocks">
      <UniqueIdentifier>{743F7250-A6C2-4671-9DE2-74505F1C5D41}</UniqueIdentifier>
    </Filter>
    <Filter Include="Blocks\imGui">
      <UniqueIdentifier>{B75CB079-0666-44B3-BD7D-AE31A128F1ED}</UniqueIdentifier>
    </Filter>
    <Filter Include="Blocks\imGui\lib">
      <UniqueIdentifier>{629C226D-C4EC-46CF-A3DA-59AE053F8780}</UniqueIdentifier>
    </Filter>
    <Filter Include="Blocks\imGui\lib\imgui">
      <UniqueIdentifier>{F316513F-1E84-42EC-A0CC-F30C02407ED0}</UniqueIdentifier>
    </Filter>
    <Filter Include="Blocks\imGui\src">
      <UniqueIdentifier>{9BA7F5C5-4EFA-41F9-99F1-2E3B27BBCEF8}</UniqueIdentifier>
    </Filter>
    <Filter Include="Blocks\Midi2">
      <UniqueIdentifier>{7B979DC4-1723-48B6-9E32-621E1BBF9380}</UniqueIdentifier>
    </Filter>
    <Filter Include="Blocks\Midi2\include">
      <UniqueIdentifier>{CEDE0A58-EF5D-4360-81A5-8DE3246C175A}</UniqueIdentifier>
    </Filter>
    <Filter Include="Blocks\Midi2\lib">
      <UniqueIdentifier>{8AC48EDA-623B-47E7-B364-C8FB2834FA45}</UniqueIdentifier>
    </Filter>
    <Filter Include="Blocks\Midi2\src">
      <UniqueIdentifier>{E102F45D-1225-4884-A662-F329E3F37AE8}</UniqueIdentifier>
    </Filter>
    <Filter Include="Blocks\MinimalUI">
      <UniqueIdentifier>{FF6F3BB3-BB30-460B-B093-D5AE82A32721}</UniqueIdentifier>
    </Filter>
    <Filter Include="Blocks\MinimalUI\src">
      <UniqueIdentifier>{A030A27B-F50F-4F53-A4A4-CD826B8486A4}</UniqueIdentifier>
    </Filter>
    <Filter Include="Blocks\MinimalUI\include">
      <UniqueIdentifier>{2F6C553A-720B-481E-920B-02D1FAEBA076}</UniqueIdentifier>
    </Filter>
    <Filter Include="Blocks\Reymenta">
      <UniqueIdentifier>{E06317D5-8B76-4FC7-BE8C-DD76FAD7D01B}</UniqueIdentifier>
    </Filter>
    <Filter Include="Blocks\Reymenta\include">
      <UniqueIdentifier>{1D7C2043-6560-4166-BC17-440EDA5B0089}</UniqueIdentifier>
    </Filter>
    <Filter Include="Blocks\Reymenta\src">
      <UniqueIdentifier>{D870A4F6-503D-4CE6-A930-D067309EDF7B}</UniqueIdentifier>
    </Filter>
    <Filter Include="Blocks\OSC">
      <UniqueIdentifier>{1D3B90B4-0CB2-4685-B15A-4B4BF060DDC2}</UniqueIdentifier>
    </Filter>
    <Filter Include="Blocks\OSC\src">
      <UniqueIdentifier>{5EDD0C32-DB35-48A6-84FC-C6577ECB18AF}</UniqueIdentifier>
    </Filter>
    <Filter Include="Blocks\OSC\src\ip">
      <UniqueIdentifier>{DE78354C-564F-4660-B45F-E8B69C354F2B}</UniqueIdentifier>
    </Filter>
    <Filter Include="Blocks\OSC\src\osc">
      <UniqueIdentifier>{A9913C15-C8E4-432C-8644-0F93E1036DFF}</UniqueIdentifier>
    </Filter>
    <Filter Include="Blocks\OSC\src\ip\win32">
      <UniqueIdentifier>{D4D93812-D36B-4782-BA2F-81310B994C0F}</UniqueIdentifier>
    </Filter>
  </ItemGroup>
  <ItemGroup>
    <ClCompile Include="..\src\ABPApp.cpp">
      <Filter>Source Files</Filter>
    </ClCompile>
    <ClInclude Include="..\include\Resources.h">
      <Filter>Header Files</Filter>
    </ClInclude>
    <ClCompile Include="..\src\ABPApp.cpp">
      <Filter>Source Files</Filter>
    </ClCompile>
    <ClInclude Include="..\..\..\blocks\Cinder-ImGui\lib\imgui\imgui.h">
      <Filter>Blocks\imGui\lib\imgui</Filter>
    </ClInclude>
    <ClCompile Include="..\..\..\blocks\Cinder-ImGui\lib\imgui\imgui.cpp">
      <Filter>Blocks\imGui\lib\imgui</Filter>
    </ClCompile>
    <ClInclude Include="..\..\..\blocks\Cinder-ImGui\src\ImGuiCinder.h">
      <Filter>Blocks\imGui\src</Filter>
    </ClInclude>
    <ClCompile Include="..\..\..\blocks\Cinder-ImGui\src\ImGuiCinder.cpp">
      <Filter>Blocks\imGui\src</Filter>
    </ClCompile>
    <ClInclude Include="..\..\..\blocks\Cinder-MIDI2\include\MidiConstants.h">
      <Filter>Blocks\Midi2\include</Filter>
    </ClInclude>
    <ClInclude Include="..\..\..\blocks\Cinder-MIDI2\include\MidiExceptions.h">
      <Filter>Blocks\Midi2\include</Filter>
    </ClInclude>
    <ClInclude Include="..\..\..\blocks\Cinder-MIDI2\include\MidiHeaders.h">
      <Filter>Blocks\Midi2\include</Filter>
    </ClInclude>
    <ClInclude Include="..\..\..\blocks\Cinder-MIDI2\include\MidiHub.h">
      <Filter>Blocks\Midi2\include</Filter>
    </ClInclude>
    <ClInclude Include="..\..\..\blocks\Cinder-MIDI2\include\MidiIn.h">
      <Filter>Blocks\Midi2\include</Filter>
    </ClInclude>
    <ClInclude Include="..\..\..\blocks\Cinder-MIDI2\include\MidiMessage.h">
      <Filter>Blocks\Midi2\include</Filter>
    </ClInclude>
    <ClInclude Include="..\..\..\blocks\Cinder-MIDI2\include\MidiOut.h">
      <Filter>Blocks\Midi2\include</Filter>
    </ClInclude>
    <ClInclude Include="..\..\..\blocks\Cinder-MIDI2\lib\RtError.h">
      <Filter>Blocks\Midi2\lib</Filter>
    </ClInclude>
    <ClInclude Include="..\..\..\blocks\Cinder-MIDI2\lib\RtMidi.h">
      <Filter>Blocks\Midi2\lib</Filter>
    </ClInclude>
    <ClCompile Include="..\..\..\blocks\Cinder-MIDI2\src\MidiHub.cpp">
      <Filter>Blocks\Midi2\src</Filter>
    </ClCompile>
    <ClCompile Include="..\..\..\blocks\Cinder-MIDI2\src\MidiIn.cpp">
      <Filter>Blocks\Midi2\src</Filter>
    </ClCompile>
    <ClCompile Include="..\..\..\blocks\Cinder-MIDI2\src\MidiMessage.cpp">
      <Filter>Blocks\Midi2\src</Filter>
    </ClCompile>
    <ClCompile Include="..\..\..\blocks\Cinder-MIDI2\src\MidiOut.cpp">
      <Filter>Blocks\Midi2\src</Filter>
    </ClCompile>
    <ClCompile Include="..\..\..\blocks\Cinder-MIDI2\lib\RtMidi.cpp">
      <Filter>Blocks\Midi2\lib</Filter>
    </ClCompile>
    <ClCompile Include="..\..\..\blocks\Cinder-MinimalUI\src\Button.cpp">
      <Filter>Blocks\MinimalUI\src</Filter>
    </ClCompile>
    <ClInclude Include="..\..\..\blocks\Cinder-MinimalUI\include\Button.h">
      <Filter>Blocks\MinimalUI\include</Filter>
    </ClInclude>
    <ClCompile Include="..\..\..\blocks\Cinder-MinimalUI\src\Label.cpp">
      <Filter>Blocks\MinimalUI\src</Filter>
    </ClCompile>
    <ClInclude Include="..\..\..\blocks\Cinder-MinimalUI\include\Label.h">
      <Filter>Blocks\MinimalUI\include</Filter>
    </ClInclude>
    <ClCompile Include="..\..\..\blocks\Cinder-MinimalUI\src\Slider.cpp">
      <Filter>Blocks\MinimalUI\src</Filter>
    </ClCompile>
    <ClInclude Include="..\..\..\blocks\Cinder-MinimalUI\include\Slider.h">
      <Filter>Blocks\MinimalUI\include</Filter>
    </ClInclude>
    <ClCompile Include="..\..\..\blocks\Cinder-MinimalUI\src\Graph.cpp">
      <Filter>Blocks\MinimalUI\src</Filter>
    </ClCompile>
    <ClInclude Include="..\..\..\blocks\Cinder-MinimalUI\include\Graph.h">
      <Filter>Blocks\MinimalUI\include</Filter>
    </ClInclude>
    <ClCompile Include="..\..\..\blocks\Cinder-MinimalUI\src\Image.cpp">
      <Filter>Blocks\MinimalUI\src</Filter>
    </ClCompile>
    <ClInclude Include="..\..\..\blocks\Cinder-MinimalUI\include\Image.h">
      <Filter>Blocks\MinimalUI\include</Filter>
    </ClInclude>
    <ClCompile Include="..\..\..\blocks\Cinder-MinimalUI\src\UIController.cpp">
      <Filter>Blocks\MinimalUI\src</Filter>
    </ClCompile>
    <ClInclude Include="..\..\..\blocks\Cinder-MinimalUI\include\UIController.h">
      <Filter>Blocks\MinimalUI\include</Filter>
    </ClInclude>
    <ClCompile Include="..\..\..\blocks\Cinder-MinimalUI\src\UIElement.cpp">
      <Filter>Blocks\MinimalUI\src</Filter>
    </ClCompile>
    <ClInclude Include="..\..\..\blocks\Cinder-MinimalUI\include\UIElement.h">
      <Filter>Blocks\MinimalUI\include</Filter>
    </ClInclude>
    <ClInclude Include="..\..\..\blocks\Cinder-Reymenta\include\AudioWrapper.h">
      <Filter>Blocks\Reymenta\include</Filter>
    </ClInclude>
    <ClInclude Include="..\..\..\blocks\Cinder-Reymenta\include\Batchass.h">
      <Filter>Blocks\Reymenta\include</Filter>
    </ClInclude>
    <ClInclude Include="..\..\..\blocks\Cinder-Reymenta\include\Logger.h">
      <Filter>Blocks\Reymenta\include</Filter>
    </ClInclude>
    <ClInclude Include="..\..\..\blocks\Cinder-Reymenta\include\OSCWrapper.h">
      <Filter>Blocks\Reymenta\include</Filter>
    </ClInclude>
    <ClInclude Include="..\..\..\blocks\Cinder-Reymenta\include\ParameterBag.h">
      <Filter>Blocks\Reymenta\include</Filter>
    </ClInclude>
    <ClInclude Include="..\..\..\blocks\Cinder-Reymenta\include\Shaders.h">
      <Filter>Blocks\Reymenta\include</Filter>
    </ClInclude>
    <ClInclude Include="..\..\..\blocks\Cinder-Reymenta\include\Textures.h">
      <Filter>Blocks\Reymenta\include</Filter>
    </ClInclude>
    <ClInclude Include="..\..\..\blocks\Cinder-Reymenta\include\Watchdog.h">
      <Filter>Blocks\Reymenta\include</Filter>
    </ClInclude>
    <ClCompile Include="..\..\..\blocks\Cinder-Reymenta\src\AudioWrapper.cpp">
      <Filter>Blocks\Reymenta\src</Filter>
    </ClCompile>
    <ClCompile Include="..\..\..\blocks\Cinder-Reymenta\src\Batchass.cpp">
      <Filter>Blocks\Reymenta\src</Filter>
    </ClCompile>
    <ClCompile Include="..\..\..\blocks\Cinder-Reymenta\src\Logger.cpp">
      <Filter>Blocks\Reymenta\src</Filter>
    </ClCompile>
    <ClCompile Include="..\..\..\blocks\Cinder-Reymenta\src\OSCWrapper.cpp">
      <Filter>Blocks\Reymenta\src</Filter>
    </ClCompile>
    <ClCompile Include="..\..\..\blocks\Cinder-Reymenta\src\ParameterBag.cpp">
      <Filter>Blocks\Reymenta\src</Filter>
    </ClCompile>
    <ClCompile Include="..\..\..\blocks\Cinder-Reymenta\src\Shaders.cpp">
      <Filter>Blocks\Reymenta\src</Filter>
    </ClCompile>
    <ClCompile Include="..\..\..\blocks\Cinder-Reymenta\src\Textures.cpp">
      <Filter>Blocks\Reymenta\src</Filter>
    </ClCompile>
    <ClCompile Include="..\..\..\blocks\OSC\src\OscBundle.cpp">
      <Filter>Blocks\OSC\src</Filter>
    </ClCompile>
    <ClCompile Include="..\..\..\blocks\OSC\src\OscListener.cpp">
      <Filter>Blocks\OSC\src</Filter>
    </ClCompile>
    <ClCompile Include="..\..\..\blocks\OSC\src\OscMessage.cpp">
      <Filter>Blocks\OSC\src</Filter>
    </ClCompile>
    <ClCompile Include="..\..\..\blocks\OSC\src\OscSender.cpp">
      <Filter>Blocks\OSC\src</Filter>
    </ClCompile>
    <ClCompile Include="..\..\..\blocks\OSC\src\ip\IpEndpointName.cpp">
      <Filter>Blocks\OSC\src\ip</Filter>
    </ClCompile>
    <ClCompile Include="..\..\..\blocks\OSC\src\osc\OscOutboundPacketStream.cpp">
      <Filter>Blocks\OSC\src\osc</Filter>
    </ClCompile>
    <ClCompile Include="..\..\..\blocks\OSC\src\osc\OscPrintReceivedElements.cpp">
      <Filter>Blocks\OSC\src\osc</Filter>
    </ClCompile>
    <ClCompile Include="..\..\..\blocks\OSC\src\osc\OscReceivedElements.cpp">
      <Filter>Blocks\OSC\src\osc</Filter>
    </ClCompile>
    <ClCompile Include="..\..\..\blocks\OSC\src\osc\OscTypes.cpp">
      <Filter>Blocks\OSC\src\osc</Filter>
    </ClCompile>
    <ClInclude Include="..\..\..\blocks\OSC\src\OscArg.h">
      <Filter>Blocks\OSC\src</Filter>
    </ClInclude>
    <ClInclude Include="..\..\..\blocks\OSC\src\OscBundle.h">
      <Filter>Blocks\OSC\src</Filter>
    </ClInclude>
    <ClInclude Include="..\..\..\blocks\OSC\src\OscListener.h">
      <Filter>Blocks\OSC\src</Filter>
    </ClInclude>
    <ClInclude Include="..\..\..\blocks\OSC\src\OscMessage.h">
      <Filter>Blocks\OSC\src</Filter>
    </ClInclude>
    <ClInclude Include="..\..\..\blocks\OSC\src\OscSender.h">
      <Filter>Blocks\OSC\src</Filter>
    </ClInclude>
    <ClInclude Include="..\..\..\blocks\OSC\src\ip\IpEndpointName.h">
      <Filter>Blocks\OSC\src\ip</Filter>
    </ClInclude>
    <ClInclude Include="..\..\..\blocks\OSC\src\ip\NetworkingUtils.h">
      <Filter>Blocks\OSC\src\ip</Filter>
    </ClInclude>
    <ClInclude Include="..\..\..\blocks\OSC\src\ip\PacketListener.h">
      <Filter>Blocks\OSC\src\ip</Filter>
    </ClInclude>
    <ClInclude Include="..\..\..\blocks\OSC\src\ip\TimerListener.h">
      <Filter>Blocks\OSC\src\ip</Filter>
    </ClInclude>
    <ClInclude Include="..\..\..\blocks\OSC\src\ip\UdpSocket.h">
      <Filter>Blocks\OSC\src\ip</Filter>
    </ClInclude>
    <ClInclude Include="..\..\..\blocks\OSC\src\osc\MessageMappingOscPacketListener.h">
      <Filter>Blocks\OSC\src\osc</Filter>
    </ClInclude>
    <ClInclude Include="..\..\..\blocks\OSC\src\osc\OscException.h">
      <Filter>Blocks\OSC\src\osc</Filter>
    </ClInclude>
    <ClInclude Include="..\..\..\blocks\OSC\src\osc\OscHostEndianness.h">
      <Filter>Blocks\OSC\src\osc</Filter>
    </ClInclude>
    <ClInclude Include="..\..\..\blocks\OSC\src\osc\OscOutboundPacketStream.h">
      <Filter>Blocks\OSC\src\osc</Filter>
    </ClInclude>
    <ClInclude Include="..\..\..\blocks\OSC\src\osc\OscPacketListener.h">
      <Filter>Blocks\OSC\src\osc</Filter>
    </ClInclude>
    <ClInclude Include="..\..\..\blocks\OSC\src\osc\OscPrintReceivedElements.h">
      <Filter>Blocks\OSC\src\osc</Filter>
    </ClInclude>
    <ClInclude Include="..\..\..\blocks\OSC\src\osc\OscReceivedElements.h">
      <Filter>Blocks\OSC\src\osc</Filter>
    </ClInclude>
    <ClInclude Include="..\..\..\blocks\OSC\src\osc\OscTypes.h">
      <Filter>Blocks\OSC\src\osc</Filter>
    </ClInclude>
    <ClCompile Include="..\..\..\blocks\OSC\src\ip\win32\NetworkingUtils.cpp">
      <Filter>Blocks\OSC\src\ip\win32</Filter>
    </ClCompile>
    <ClCompile Include="..\..\..\blocks\OSC\src\ip\win32\UdpSocket.cpp">
      <Filter>Blocks\OSC\src\ip\win32</Filter>
    </ClCompile>
  </ItemGroup>
  <ItemGroup>
    <ClInclude Include="..\include\Resources.h">
      <Filter>Header Files</Filter>
    </ClInclude>
  </ItemGroup>
  <ItemGroup>
    <ResourceCompile Include="Resources.rc">
      <Filter>Resource Files</Filter>
    </ResourceCompile>
  </ItemGroup>
</Project>
